// !$*UTF8*$!
{
	archiveVersion = 1;
	classes = {
	};
	objectVersion = 46;
	objects = {

/* Begin PBXBuildFile section */
		3F442A34162B9B05000322AE /* Storyboard.storyboard in Resources */ = {isa = PBXBuildFile; fileRef = 3F442A33162B9B05000322AE /* Storyboard.storyboard */; };
		3F442A47162BA4F1000322AE /* icon_114.png in Resources */ = {isa = PBXBuildFile; fileRef = 3F442A3D162BA4F1000322AE /* icon_114.png */; };
		3F442A48162BA4F1000322AE /* icon_512.png in Resources */ = {isa = PBXBuildFile; fileRef = 3F442A3E162BA4F1000322AE /* icon_512.png */; };
		3F442A49162BA4F1000322AE /* icon_57.png in Resources */ = {isa = PBXBuildFile; fileRef = 3F442A3F162BA4F1000322AE /* icon_57.png */; };
		3F442A4A162BA4F1000322AE /* launch.png in Resources */ = {isa = PBXBuildFile; fileRef = 3F442A40162BA4F1000322AE /* launch.png */; };
		3F442A4B162BA4F1000322AE /* launch_320x480.png in Resources */ = {isa = PBXBuildFile; fileRef = 3F442A41162BA4F1000322AE /* launch_320x480.png */; };
		3F442A4C162BA4F1000322AE /* launch_640x1136.png in Resources */ = {isa = PBXBuildFile; fileRef = 3F442A42162BA4F1000322AE /* launch_640x1136.png */; };
		3F442A4D162BA4F1000322AE /* launch_640x960.png in Resources */ = {isa = PBXBuildFile; fileRef = 3F442A43162BA4F1000322AE /* launch_640x960.png */; };
		3F442A4E162BA4F1000322AE /* launch_320.png in Resources */ = {isa = PBXBuildFile; fileRef = 3F442A45162BA4F1000322AE /* launch_320.png */; };
		3F442A4F162BA4F1000322AE /* launch_640.png in Resources */ = {isa = PBXBuildFile; fileRef = 3F442A46162BA4F1000322AE /* launch_640.png */; };
		3F4DB3AC1632466E00329284 /* OCTotallyLazy.framework in Frameworks */ = {isa = PBXBuildFile; fileRef = 3F4DB3AB1632466E00329284 /* OCTotallyLazy.framework */; };
		3F4DB49C1632CECA00329284 /* cards.json in Resources */ = {isa = PBXBuildFile; fileRef = 3F4DB4571632CECA00329284 /* cards.json */; };
		3F4DB49D1632CECA00329284 /* expressive_arts.jpg in Resources */ = {isa = PBXBuildFile; fileRef = 3F4DB4581632CECA00329284 /* expressive_arts.jpg */; };
		3F4DB49E1632CECA00329284 /* feedback.jpg in Resources */ = {isa = PBXBuildFile; fileRef = 3F4DB4591632CECA00329284 /* feedback.jpg */; };
		3F4DB49F1632CECA00329284 /* follow_the_energy.jpg in Resources */ = {isa = PBXBuildFile; fileRef = 3F4DB45A1632CECA00329284 /* follow_the_energy.jpg */; };
		3F4DB4A01632CECA00329284 /* fractal.jpg in Resources */ = {isa = PBXBuildFile; fileRef = 3F4DB45B1632CECA00329284 /* fractal.jpg */; };
		3F4DB4A11632CECA00329284 /* gaia.jpg in Resources */ = {isa = PBXBuildFile; fileRef = 3F4DB45C1632CECA00329284 /* gaia.jpg */; };
		3F4DB4A21632CECA00329284 /* generate_possibilities.jpg in Resources */ = {isa = PBXBuildFile; fileRef = 3F4DB45D1632CECA00329284 /* generate_possibilities.jpg */; };
		3F4DB4A31632CECA00329284 /* go_deeper.jpg in Resources */ = {isa = PBXBuildFile; fileRef = 3F4DB45E1632CECA00329284 /* go_deeper.jpg */; };
		3F4DB4A41632CECA00329284 /* go_meta.jpg in Resources */ = {isa = PBXBuildFile; fileRef = 3F4DB45F1632CECA00329284 /* go_meta.jpg */; };
		3F4DB4A51632CECA00329284 /* good_faith_assumptions.jpg in Resources */ = {isa = PBXBuildFile; fileRef = 3F4DB4601632CECA00329284 /* good_faith_assumptions.jpg */; };
		3F4DB4A61632CECA00329284 /* group_culture.jpg in Resources */ = {isa = PBXBuildFile; fileRef = 3F4DB4611632CECA00329284 /* group_culture.jpg */; };
		3F4DB4A81632CECA00329284 /* harvesting.jpg in Resources */ = {isa = PBXBuildFile; fileRef = 3F4DB4631632CECA00329284 /* harvesting.jpg */; };
		3F4DB4A91632CECA00329284 /* history_and_context.jpg in Resources */ = {isa = PBXBuildFile; fileRef = 3F4DB4641632CECA00329284 /* history_and_context.jpg */; };
		3F4DB4AA1632CECA00329284 /* holding_space.jpg in Resources */ = {isa = PBXBuildFile; fileRef = 3F4DB4651632CECA00329284 /* holding_space.jpg */; };
		3F4DB4AB1632CECA00329284 /* honour_each_person.jpg in Resources */ = {isa = PBXBuildFile; fileRef = 3F4DB4661632CECA00329284 /* honour_each_person.jpg */; };
		3F4DB4AC1632CECA00329284 /* hosting.jpg in Resources */ = {isa = PBXBuildFile; fileRef = 3F4DB4671632CECA00329284 /* hosting.jpg */; };
		3F4DB4AD1632CECA00329284 /* improvise.jpg in Resources */ = {isa = PBXBuildFile; fileRef = 3F4DB4681632CECA00329284 /* improvise.jpg */; };
		3F4DB4AE1632CECA00329284 /* inform_the_group_mind.jpg in Resources */ = {isa = PBXBuildFile; fileRef = 3F4DB4691632CECA00329284 /* inform_the_group_mind.jpg */; };
		3F4DB4AF1632CECA00329284 /* inquiry.jpg in Resources */ = {isa = PBXBuildFile; fileRef = 3F4DB46A1632CECA00329284 /* inquiry.jpg */; };
		3F4DB4B01632CECA00329284 /* invitation.jpg in Resources */ = {isa = PBXBuildFile; fileRef = 3F4DB46B1632CECA00329284 /* invitation.jpg */; };
		3F4DB4B11632CECA00329284 /* iteration.jpg in Resources */ = {isa = PBXBuildFile; fileRef = 3F4DB46C1632CECA00329284 /* iteration.jpg */; };
		3F4DB4B21632CECA00329284 /* letting_go.jpg in Resources */ = {isa = PBXBuildFile; fileRef = 3F4DB46D1632CECA00329284 /* letting_go.jpg */; };
		3F4DB4B31632CECA00329284 /* listening.jpg in Resources */ = {isa = PBXBuildFile; fileRef = 3F4DB46E1632CECA00329284 /* listening.jpg */; };
		3F4DB4B41632CECA00329284 /* magic.jpg in Resources */ = {isa = PBXBuildFile; fileRef = 3F4DB46F1632CECA00329284 /* magic.jpg */; };
		3F4DB4B51632CECA00329284 /* mapping_and_measurement.jpg in Resources */ = {isa = PBXBuildFile; fileRef = 3F4DB4701632CECA00329284 /* mapping_and_measurement.jpg */; };
		3F4DB4B61632CECA00329284 /* mirroring.jpg in Resources */ = {isa = PBXBuildFile; fileRef = 3F4DB4711632CECA00329284 /* mirroring.jpg */; };
		3F4DB4B71632CECA00329284 /* mode_choice.jpg in Resources */ = {isa = PBXBuildFile; fileRef = 3F4DB4721632CECA00329284 /* mode_choice.jpg */; };
		3F4DB4B81632CECA00329284 /* moving_toward_alignment.jpg in Resources */ = {isa = PBXBuildFile; fileRef = 3F4DB4731632CECA00329284 /* moving_toward_alignment.jpg */; };
		3F4DB4B91632CECA00329284 /* naming.jpg in Resources */ = {isa = PBXBuildFile; fileRef = 3F4DB4741632CECA00329284 /* naming.jpg */; };
		3F4DB4BA1632CECA00329284 /* nooks_in_space_and_time.jpg in Resources */ = {isa = PBXBuildFile; fileRef = 3F4DB4751632CECA00329284 /* nooks_in_space_and_time.jpg */; };
		3F4DB4BB1632CECA00329284 /* not_about_you.jpg in Resources */ = {isa = PBXBuildFile; fileRef = 3F4DB4761632CECA00329284 /* not_about_you.jpg */; };
		3F4DB4BC1632CECA00329284 /* opening_and_welcome.jpg in Resources */ = {isa = PBXBuildFile; fileRef = 3F4DB4771632CECA00329284 /* opening_and_welcome.jpg */; };
		3F4DB4BD1632CECA00329284 /* playfulness.jpg in Resources */ = {isa = PBXBuildFile; fileRef = 3F4DB4781632CECA00329284 /* playfulness.jpg */; };
		3F4DB4BE1632CECA00329284 /* power_of_constraints.jpg in Resources */ = {isa = PBXBuildFile; fileRef = 3F4DB4791632CECA00329284 /* power_of_constraints.jpg */; };
		3F4DB4BF1632CECA00329284 /* power_of_place.jpg in Resources */ = {isa = PBXBuildFile; fileRef = 3F4DB47A1632CECA00329284 /* power_of_place.jpg */; };
		3F4DB4C01632CECA00329284 /* power_shift.jpg in Resources */ = {isa = PBXBuildFile; fileRef = 3F4DB47B1632CECA00329284 /* power_shift.jpg */; };
		3F4DB4C11632CECA00329284 /* preparedness.jpg in Resources */ = {isa = PBXBuildFile; fileRef = 3F4DB47C1632CECA00329284 /* preparedness.jpg */; };
		3F4DB4C21632CECA00329284 /* presence.jpg in Resources */ = {isa = PBXBuildFile; fileRef = 3F4DB47D1632CECA00329284 /* presence.jpg */; };
		3F4DB4C31632CECA00329284 /* priority_focus.jpg in Resources */ = {isa = PBXBuildFile; fileRef = 3F4DB47E1632CECA00329284 /* priority_focus.jpg */; };
		3F4DB4C41632CECA00329284 /* purpose.jpg in Resources */ = {isa = PBXBuildFile; fileRef = 3F4DB47F1632CECA00329284 /* purpose.jpg */; };
		3F4DB4C51632CECA00329284 /* reflection-action_cycle.jpg in Resources */ = {isa = PBXBuildFile; fileRef = 3F4DB4801632CECA00329284 /* reflection-action_cycle.jpg */; };
		3F4DB4C61632CECA00329284 /* rest.jpg in Resources */ = {isa = PBXBuildFile; fileRef = 3F4DB4811632CECA00329284 /* rest.jpg */; };
		3F4DB4C71632CECA00329284 /* right_size_bite.jpg in Resources */ = {isa = PBXBuildFile; fileRef = 3F4DB4821632CECA00329284 /* right_size_bite.jpg */; };
		3F4DB4C81632CECA00329284 /* ritual.jpg in Resources */ = {isa = PBXBuildFile; fileRef = 3F4DB4831632CECA00329284 /* ritual.jpg */; };
		3F4DB4C91632CECA00329284 /* seasoned_timing.jpg in Resources */ = {isa = PBXBuildFile; fileRef = 3F4DB4841632CECA00329284 /* seasoned_timing.jpg */; };
		3F4DB4CA1632CECA00329284 /* seeing_the_forest,_seeing_the_trees.jpg in Resources */ = {isa = PBXBuildFile; fileRef = 3F4DB4851632CECA00329284 /* seeing_the_forest,_seeing_the_trees.jpg */; };
		3F4DB4CB1632CECA00329284 /* self-awareness.jpg in Resources */ = {isa = PBXBuildFile; fileRef = 3F4DB4861632CECA00329284 /* self-awareness.jpg */; };
		3F4DB4CC1632CECA00329284 /* setting_intention.jpg in Resources */ = {isa = PBXBuildFile; fileRef = 3F4DB4871632CECA00329284 /* setting_intention.jpg */; };
		3F4DB4CD1632CECA00329284 /* shared_airtime.jpg in Resources */ = {isa = PBXBuildFile; fileRef = 3F4DB4881632CECA00329284 /* shared_airtime.jpg */; };
		3F4DB4CE1632CECA00329284 /* shared_leadership_and_roles.jpg in Resources */ = {isa = PBXBuildFile; fileRef = 3F4DB4891632CECA00329284 /* shared_leadership_and_roles.jpg */; };
		3F4DB4CF1632CECA00329284 /* silence.jpg in Resources */ = {isa = PBXBuildFile; fileRef = 3F4DB48A1632CECA00329284 /* silence.jpg */; };
		3F4DB4D01632CECA00329284 /* simplify.jpg in Resources */ = {isa = PBXBuildFile; fileRef = 3F4DB48B1632CECA00329284 /* simplify.jpg */; };
		3F4DB4D11632CECA00329284 /* spirit.jpg in Resources */ = {isa = PBXBuildFile; fileRef = 3F4DB48C1632CECA00329284 /* spirit.jpg */; };
		3F4DB4D21632CECA00329284 /* story.jpg in Resources */ = {isa = PBXBuildFile; fileRef = 3F4DB48D1632CECA00329284 /* story.jpg */; };
		3F4DB4D31632CECA00329284 /* subgroup_and_whole_group.jpg in Resources */ = {isa = PBXBuildFile; fileRef = 3F4DB48E1632CECA00329284 /* subgroup_and_whole_group.jpg */; };
		3F4DB4D41632CECA00329284 /* taking_responsibility.jpg in Resources */ = {isa = PBXBuildFile; fileRef = 3F4DB48F1632CECA00329284 /* taking_responsibility.jpg */; };
		3F4DB4D51632CECA00329284 /* tend_relationships.jpg in Resources */ = {isa = PBXBuildFile; fileRef = 3F4DB4901632CECA00329284 /* tend_relationships.jpg */; };
		3F4DB4D61632CECA00329284 /* time_shift.jpg in Resources */ = {isa = PBXBuildFile; fileRef = 3F4DB4911632CECA00329284 /* time_shift.jpg */; };
		3F4DB4D71632CECA00329284 /* trajectory.jpg in Resources */ = {isa = PBXBuildFile; fileRef = 3F4DB4921632CECA00329284 /* trajectory.jpg */; };
		3F4DB4D81632CECA00329284 /* translation.jpg in Resources */ = {isa = PBXBuildFile; fileRef = 3F4DB4931632CECA00329284 /* translation.jpg */; };
		3F4DB4D91632CECA00329284 /* transparency.jpg in Resources */ = {isa = PBXBuildFile; fileRef = 3F4DB4941632CECA00329284 /* transparency.jpg */; };
		3F4DB4DA1632CECA00329284 /* trust_the_wisdom_of_the_group.jpg in Resources */ = {isa = PBXBuildFile; fileRef = 3F4DB4951632CECA00329284 /* trust_the_wisdom_of_the_group.jpg */; };
		3F4DB4DB1632CECA00329284 /* unity_and_diversity.jpg in Resources */ = {isa = PBXBuildFile; fileRef = 3F4DB4961632CECA00329284 /* unity_and_diversity.jpg */; };
		3F4DB4DC1632CECA00329284 /* value_the_margins.jpg in Resources */ = {isa = PBXBuildFile; fileRef = 3F4DB4971632CECA00329284 /* value_the_margins.jpg */; };
		3F4DB4DD1632CECA00329284 /* viewpoint_shift.jpg in Resources */ = {isa = PBXBuildFile; fileRef = 3F4DB4981632CECA00329284 /* viewpoint_shift.jpg */; };
		3F4DB4DE1632CECA00329284 /* whole_system_in_the_room.jpg in Resources */ = {isa = PBXBuildFile; fileRef = 3F4DB4991632CECA00329284 /* whole_system_in_the_room.jpg */; };
		3F4DB4DF1632CECA00329284 /* witness_with_compassion.jpg in Resources */ = {isa = PBXBuildFile; fileRef = 3F4DB49A1632CECA00329284 /* witness_with_compassion.jpg */; };
		3F4DB4E01632CECA00329284 /* yes,_and.jpg in Resources */ = {isa = PBXBuildFile; fileRef = 3F4DB49B1632CECA00329284 /* yes,_and.jpg */; };
		3F4DB4E21632CF4500329284 /* guerrilla_facilitation.jpg in Resources */ = {isa = PBXBuildFile; fileRef = 3F4DB4E11632CF4500329284 /* guerrilla_facilitation.jpg */; };
		3F71B058162AA9A800B62E7C /* Default-568h@2x.png in Resources */ = {isa = PBXBuildFile; fileRef = 3F71B057162AA9A800B62E7C /* Default-568h@2x.png */; };
		3FE56473162BC07400DE2CA6 /* aesthetics_of_space.jpg in Resources */ = {isa = PBXBuildFile; fileRef = 3FE5645C162BC07400DE2CA6 /* aesthetics_of_space.jpg */; };
		3FE56474162BC07400DE2CA6 /* all_grist_for_the_mill.jpg in Resources */ = {isa = PBXBuildFile; fileRef = 3FE5645D162BC07400DE2CA6 /* all_grist_for_the_mill.jpg */; };
		3FE56475162BC07400DE2CA6 /* appreciation.jpg in Resources */ = {isa = PBXBuildFile; fileRef = 3FE5645E162BC07400DE2CA6 /* appreciation.jpg */; };
		3FE56476162BC07400DE2CA6 /* appropriate_boundaries.jpg in Resources */ = {isa = PBXBuildFile; fileRef = 3FE5645F162BC07400DE2CA6 /* appropriate_boundaries.jpg */; };
		3FE56477162BC07400DE2CA6 /* balance_process_and_content.jpg in Resources */ = {isa = PBXBuildFile; fileRef = 3FE56460162BC07400DE2CA6 /* balance_process_and_content.jpg */; };
		3FE56478162BC07400DE2CA6 /* balance_structure_and_flexibility.jpg in Resources */ = {isa = PBXBuildFile; fileRef = 3FE56461162BC07400DE2CA6 /* balance_structure_and_flexibility.jpg */; };
		3FE56479162BC07400DE2CA6 /* breaking_bread_together.jpg in Resources */ = {isa = PBXBuildFile; fileRef = 3FE56462162BC07400DE2CA6 /* breaking_bread_together.jpg */; };
		3FE5647A162BC07400DE2CA6 /* celebrate.jpg in Resources */ = {isa = PBXBuildFile; fileRef = 3FE56463162BC07400DE2CA6 /* celebrate.jpg */; };
		3FE5647B162BC07400DE2CA6 /* challenge.jpg in Resources */ = {isa = PBXBuildFile; fileRef = 3FE56464162BC07400DE2CA6 /* challenge.jpg */; };
		3FE5647C162BC07400DE2CA6 /* circle.jpg in Resources */ = {isa = PBXBuildFile; fileRef = 3FE56465162BC07400DE2CA6 /* circle.jpg */; };
		3FE5647D162BC07400DE2CA6 /* closing.jpg in Resources */ = {isa = PBXBuildFile; fileRef = 3FE56466162BC07400DE2CA6 /* closing.jpg */; };
		3FE5647E162BC07400DE2CA6 /* commitment.jpg in Resources */ = {isa = PBXBuildFile; fileRef = 3FE56467162BC07400DE2CA6 /* commitment.jpg */; };
		3FE5647F162BC07400DE2CA6 /* common_ground.jpg in Resources */ = {isa = PBXBuildFile; fileRef = 3FE56468162BC07400DE2CA6 /* common_ground.jpg */; };
		3FE56480162BC07400DE2CA6 /* courageous_modelling.jpg in Resources */ = {isa = PBXBuildFile; fileRef = 3FE56469162BC07400DE2CA6 /* courageous_modelling.jpg */; };
		3FE56481162BC07400DE2CA6 /* deliberate.jpg in Resources */ = {isa = PBXBuildFile; fileRef = 3FE5646A162BC07400DE2CA6 /* deliberate.jpg */; };
		3FE56482162BC07400DE2CA6 /* discharging.jpg in Resources */ = {isa = PBXBuildFile; fileRef = 3FE5646B162BC07400DE2CA6 /* discharging.jpg */; };
		3FE56483162BC07400DE2CA6 /* distilling.jpg in Resources */ = {isa = PBXBuildFile; fileRef = 3FE5646C162BC07400DE2CA6 /* distilling.jpg */; };
		3FE56484162BC07400DE2CA6 /* dive_in.jpg in Resources */ = {isa = PBXBuildFile; fileRef = 3FE5646D162BC07400DE2CA6 /* dive_in.jpg */; };
		3FE56485162BC07400DE2CA6 /* divergence_and_convergence_rhythm.jpg in Resources */ = {isa = PBXBuildFile; fileRef = 3FE5646E162BC07400DE2CA6 /* divergence_and_convergence_rhythm.jpg */; };
		3FE56486162BC07400DE2CA6 /* dwell_with_emotions.jpg in Resources */ = {isa = PBXBuildFile; fileRef = 3FE5646F162BC07400DE2CA6 /* dwell_with_emotions.jpg */; };
		3FE56487162BC07400DE2CA6 /* embrace_dissonance_and_difference.jpg in Resources */ = {isa = PBXBuildFile; fileRef = 3FE56470162BC07400DE2CA6 /* embrace_dissonance_and_difference.jpg */; };
		3FE56488162BC07400DE2CA6 /* emergence.jpg in Resources */ = {isa = PBXBuildFile; fileRef = 3FE56471162BC07400DE2CA6 /* emergence.jpg */; };
		3FE56489162BC07400DE2CA6 /* experts_on_tap.jpg in Resources */ = {isa = PBXBuildFile; fileRef = 3FE56472162BC07400DE2CA6 /* experts_on_tap.jpg */; };
		BAA6515625D88D43787ED7B2 /* HomeController.m in Sources */ = {isa = PBXBuildFile; fileRef = BAA65C1B62B9582EFE5B2EF5 /* HomeController.m */; };
		BAA65245D2B8DEA8C711FF09 /* CardListDataSource.m in Sources */ = {isa = PBXBuildFile; fileRef = BAA65BFE9F75C56FA1E0BFBE /* CardListDataSource.m */; };
		BAA653CC176C4AA6F6646231 /* CardListCategorySource.m in Sources */ = {isa = PBXBuildFile; fileRef = BAA65AE68DE688BD64AFF6FA /* CardListCategorySource.m */; };
		BAA65450AA6C34B70125DCD5 /* InfoController.m in Sources */ = {isa = PBXBuildFile; fileRef = BAA6522AAC5F9B9324EA0620 /* InfoController.m */; };
		BAA65713ADC90B295F7BD8DC /* WebViewController.m in Sources */ = {isa = PBXBuildFile; fileRef = BAA65B7336EB07259CE2B3D5 /* WebViewController.m */; };
		BAA6581D0E689F6469A681F7 /* AboutController.m in Sources */ = {isa = PBXBuildFile; fileRef = BAA6504F4D38661200AC531E /* AboutController.m */; };
		BAA659045D3116F483B9A28C /* CardListAlphaSource.m in Sources */ = {isa = PBXBuildFile; fileRef = BAA654AEF9D141BADFCDBD49 /* CardListAlphaSource.m */; };
		BAA65937C3CE700655700464 /* how_to_use.html in Resources */ = {isa = PBXBuildFile; fileRef = BAA65780DCB83F84E875B5B2 /* how_to_use.html */; };
		BAA65CBACEE7EB20796390D7 /* TODO in Resources */ = {isa = PBXBuildFile; fileRef = BAA65086B41391BC285D0E98 /* TODO */; };
		BAA65D9E875FFCE659DDD14F /* about.html in Resources */ = {isa = PBXBuildFile; fileRef = BAA65127D60CA7E56DFFF7EA /* about.html */; };
		BAA65EC701E8CD8B40B273F4 /* HowToUseController.m in Sources */ = {isa = PBXBuildFile; fileRef = BAA65F6033C3104770A0ED51 /* HowToUseController.m */; };
		EC4CBC0713F86769009DBED9 /* CardListController.m in Sources */ = {isa = PBXBuildFile; fileRef = EC4CBC0513F86769009DBED9 /* CardListController.m */; };
		EC5097411403392F00800981 /* icon_57.png in Resources */ = {isa = PBXBuildFile; fileRef = EC5097401403392F00800981 /* icon_57.png */; };
		EC5097431403393B00800981 /* icon_114.png in Resources */ = {isa = PBXBuildFile; fileRef = EC5097421403393B00800981 /* icon_114.png */; };
		EC5097451403394400800981 /* Default.png in Resources */ = {isa = PBXBuildFile; fileRef = EC5097441403394400800981 /* Default.png */; };
		EC5097471403394C00800981 /* Default@2x.png in Resources */ = {isa = PBXBuildFile; fileRef = EC5097461403394C00800981 /* Default@2x.png */; };
		EC50974914033B9E00800981 /* iTunesArtwork in Resources */ = {isa = PBXBuildFile; fileRef = EC50974814033B9E00800981 /* iTunesArtwork */; };
		EC509750140347EA00800981 /* QuartzCore.framework in Frameworks */ = {isa = PBXBuildFile; fileRef = EC50974F140347EA00800981 /* QuartzCore.framework */; };
		ECB93FFC13F85F19001B8F09 /* UIKit.framework in Frameworks */ = {isa = PBXBuildFile; fileRef = ECB93FFB13F85F19001B8F09 /* UIKit.framework */; };
		ECB93FFE13F85F19001B8F09 /* Foundation.framework in Frameworks */ = {isa = PBXBuildFile; fileRef = ECB93FFD13F85F19001B8F09 /* Foundation.framework */; };
		ECB9400013F85F19001B8F09 /* CoreGraphics.framework in Frameworks */ = {isa = PBXBuildFile; fileRef = ECB93FFF13F85F19001B8F09 /* CoreGraphics.framework */; };
		ECB9400613F85F19001B8F09 /* InfoPlist.strings in Resources */ = {isa = PBXBuildFile; fileRef = ECB9400413F85F19001B8F09 /* InfoPlist.strings */; };
		ECB9400913F85F19001B8F09 /* main.m in Sources */ = {isa = PBXBuildFile; fileRef = ECB9400813F85F19001B8F09 /* main.m */; };
		ECB9400C13F85F19001B8F09 /* GroupPatternsAppDelegate.m in Sources */ = {isa = PBXBuildFile; fileRef = ECB9400B13F85F19001B8F09 /* GroupPatternsAppDelegate.m */; };
		ECB9400F13F85F19001B8F09 /* MainWindow.xib in Resources */ = {isa = PBXBuildFile; fileRef = ECB9400D13F85F19001B8F09 /* MainWindow.xib */; };
		ECB9401213F85F19001B8F09 /* RootViewController.m in Sources */ = {isa = PBXBuildFile; fileRef = ECB9401113F85F19001B8F09 /* RootViewController.m */; };
		ECB9401513F85F19001B8F09 /* RootViewController.xib in Resources */ = {isa = PBXBuildFile; fileRef = ECB9401313F85F19001B8F09 /* RootViewController.xib */; };
		ECB9402513F86010001B8F09 /* CardController.m in Sources */ = {isa = PBXBuildFile; fileRef = ECB9402313F86010001B8F09 /* CardController.m */; };
		ECB9402913F86142001B8F09 /* Card.m in Sources */ = {isa = PBXBuildFile; fileRef = ECB9402813F86142001B8F09 /* Card.m */; };
		ECD639A213FA110200D26D20 /* AsyncImageView.m in Sources */ = {isa = PBXBuildFile; fileRef = ECD639A113FA110200D26D20 /* AsyncImageView.m */; };
/* End PBXBuildFile section */

/* Begin PBXFileReference section */
		3F442A33162B9B05000322AE /* Storyboard.storyboard */ = {isa = PBXFileReference; fileEncoding = 4; lastKnownFileType = file.storyboard; path = Storyboard.storyboard; sourceTree = "<group>"; };
		3F442A3D162BA4F1000322AE /* icon_114.png */ = {isa = PBXFileReference; lastKnownFileType = image.png; path = icon_114.png; sourceTree = "<group>"; };
		3F442A3E162BA4F1000322AE /* icon_512.png */ = {isa = PBXFileReference; lastKnownFileType = image.png; path = icon_512.png; sourceTree = "<group>"; };
		3F442A3F162BA4F1000322AE /* icon_57.png */ = {isa = PBXFileReference; lastKnownFileType = image.png; path = icon_57.png; sourceTree = "<group>"; };
		3F442A40162BA4F1000322AE /* launch.png */ = {isa = PBXFileReference; lastKnownFileType = image.png; path = launch.png; sourceTree = "<group>"; };
		3F442A41162BA4F1000322AE /* launch_320x480.png */ = {isa = PBXFileReference; lastKnownFileType = image.png; path = launch_320x480.png; sourceTree = "<group>"; };
		3F442A42162BA4F1000322AE /* launch_640x1136.png */ = {isa = PBXFileReference; lastKnownFileType = image.png; path = launch_640x1136.png; sourceTree = "<group>"; };
		3F442A43162BA4F1000322AE /* launch_640x960.png */ = {isa = PBXFileReference; lastKnownFileType = image.png; path = launch_640x960.png; sourceTree = "<group>"; };
		3F442A45162BA4F1000322AE /* launch_320.png */ = {isa = PBXFileReference; lastKnownFileType = image.png; path = launch_320.png; sourceTree = "<group>"; };
		3F442A46162BA4F1000322AE /* launch_640.png */ = {isa = PBXFileReference; lastKnownFileType = image.png; path = launch_640.png; sourceTree = "<group>"; };
		3F4DB3AB1632466E00329284 /* OCTotallyLazy.framework */ = {isa = PBXFileReference; lastKnownFileType = wrapper.framework; path = OCTotallyLazy.framework; sourceTree = "<group>"; };
		3F4DB4571632CECA00329284 /* cards.json */ = {isa = PBXFileReference; fileEncoding = 4; lastKnownFileType = text.json; path = cards.json; sourceTree = "<group>"; };
		3F4DB4581632CECA00329284 /* expressive_arts.jpg */ = {isa = PBXFileReference; lastKnownFileType = image.jpeg; path = expressive_arts.jpg; sourceTree = "<group>"; };
		3F4DB4591632CECA00329284 /* feedback.jpg */ = {isa = PBXFileReference; lastKnownFileType = image.jpeg; path = feedback.jpg; sourceTree = "<group>"; };
		3F4DB45A1632CECA00329284 /* follow_the_energy.jpg */ = {isa = PBXFileReference; lastKnownFileType = image.jpeg; path = follow_the_energy.jpg; sourceTree = "<group>"; };
		3F4DB45B1632CECA00329284 /* fractal.jpg */ = {isa = PBXFileReference; lastKnownFileType = image.jpeg; path = fractal.jpg; sourceTree = "<group>"; };
		3F4DB45C1632CECA00329284 /* gaia.jpg */ = {isa = PBXFileReference; lastKnownFileType = image.jpeg; path = gaia.jpg; sourceTree = "<group>"; };
		3F4DB45D1632CECA00329284 /* generate_possibilities.jpg */ = {isa = PBXFileReference; lastKnownFileType = image.jpeg; path = generate_possibilities.jpg; sourceTree = "<group>"; };
		3F4DB45E1632CECA00329284 /* go_deeper.jpg */ = {isa = PBXFileReference; lastKnownFileType = image.jpeg; path = go_deeper.jpg; sourceTree = "<group>"; };
		3F4DB45F1632CECA00329284 /* go_meta.jpg */ = {isa = PBXFileReference; lastKnownFileType = image.jpeg; path = go_meta.jpg; sourceTree = "<group>"; };
		3F4DB4601632CECA00329284 /* good_faith_assumptions.jpg */ = {isa = PBXFileReference; lastKnownFileType = image.jpeg; path = good_faith_assumptions.jpg; sourceTree = "<group>"; };
		3F4DB4611632CECA00329284 /* group_culture.jpg */ = {isa = PBXFileReference; lastKnownFileType = image.jpeg; path = group_culture.jpg; sourceTree = "<group>"; };
		3F4DB4631632CECA00329284 /* harvesting.jpg */ = {isa = PBXFileReference; lastKnownFileType = image.jpeg; path = harvesting.jpg; sourceTree = "<group>"; };
		3F4DB4641632CECA00329284 /* history_and_context.jpg */ = {isa = PBXFileReference; lastKnownFileType = image.jpeg; path = history_and_context.jpg; sourceTree = "<group>"; };
		3F4DB4651632CECA00329284 /* holding_space.jpg */ = {isa = PBXFileReference; lastKnownFileType = image.jpeg; path = holding_space.jpg; sourceTree = "<group>"; };
		3F4DB4661632CECA00329284 /* honour_each_person.jpg */ = {isa = PBXFileReference; lastKnownFileType = image.jpeg; path = honour_each_person.jpg; sourceTree = "<group>"; };
		3F4DB4671632CECA00329284 /* hosting.jpg */ = {isa = PBXFileReference; lastKnownFileType = image.jpeg; path = hosting.jpg; sourceTree = "<group>"; };
		3F4DB4681632CECA00329284 /* improvise.jpg */ = {isa = PBXFileReference; lastKnownFileType = image.jpeg; path = improvise.jpg; sourceTree = "<group>"; };
		3F4DB4691632CECA00329284 /* inform_the_group_mind.jpg */ = {isa = PBXFileReference; lastKnownFileType = image.jpeg; path = inform_the_group_mind.jpg; sourceTree = "<group>"; };
		3F4DB46A1632CECA00329284 /* inquiry.jpg */ = {isa = PBXFileReference; lastKnownFileType = image.jpeg; path = inquiry.jpg; sourceTree = "<group>"; };
		3F4DB46B1632CECA00329284 /* invitation.jpg */ = {isa = PBXFileReference; lastKnownFileType = image.jpeg; path = invitation.jpg; sourceTree = "<group>"; };
		3F4DB46C1632CECA00329284 /* iteration.jpg */ = {isa = PBXFileReference; lastKnownFileType = image.jpeg; path = iteration.jpg; sourceTree = "<group>"; };
		3F4DB46D1632CECA00329284 /* letting_go.jpg */ = {isa = PBXFileReference; lastKnownFileType = image.jpeg; path = letting_go.jpg; sourceTree = "<group>"; };
		3F4DB46E1632CECA00329284 /* listening.jpg */ = {isa = PBXFileReference; lastKnownFileType = image.jpeg; path = listening.jpg; sourceTree = "<group>"; };
		3F4DB46F1632CECA00329284 /* magic.jpg */ = {isa = PBXFileReference; lastKnownFileType = image.jpeg; path = magic.jpg; sourceTree = "<group>"; };
		3F4DB4701632CECA00329284 /* mapping_and_measurement.jpg */ = {isa = PBXFileReference; lastKnownFileType = image.jpeg; path = mapping_and_measurement.jpg; sourceTree = "<group>"; };
		3F4DB4711632CECA00329284 /* mirroring.jpg */ = {isa = PBXFileReference; lastKnownFileType = image.jpeg; path = mirroring.jpg; sourceTree = "<group>"; };
		3F4DB4721632CECA00329284 /* mode_choice.jpg */ = {isa = PBXFileReference; lastKnownFileType = image.jpeg; path = mode_choice.jpg; sourceTree = "<group>"; };
		3F4DB4731632CECA00329284 /* moving_toward_alignment.jpg */ = {isa = PBXFileReference; lastKnownFileType = image.jpeg; path = moving_toward_alignment.jpg; sourceTree = "<group>"; };
		3F4DB4741632CECA00329284 /* naming.jpg */ = {isa = PBXFileReference; lastKnownFileType = image.jpeg; path = naming.jpg; sourceTree = "<group>"; };
		3F4DB4751632CECA00329284 /* nooks_in_space_and_time.jpg */ = {isa = PBXFileReference; lastKnownFileType = image.jpeg; path = nooks_in_space_and_time.jpg; sourceTree = "<group>"; };
		3F4DB4761632CECA00329284 /* not_about_you.jpg */ = {isa = PBXFileReference; lastKnownFileType = image.jpeg; path = not_about_you.jpg; sourceTree = "<group>"; };
		3F4DB4771632CECA00329284 /* opening_and_welcome.jpg */ = {isa = PBXFileReference; lastKnownFileType = image.jpeg; path = opening_and_welcome.jpg; sourceTree = "<group>"; };
		3F4DB4781632CECA00329284 /* playfulness.jpg */ = {isa = PBXFileReference; lastKnownFileType = image.jpeg; path = playfulness.jpg; sourceTree = "<group>"; };
		3F4DB4791632CECA00329284 /* power_of_constraints.jpg */ = {isa = PBXFileReference; lastKnownFileType = image.jpeg; path = power_of_constraints.jpg; sourceTree = "<group>"; };
		3F4DB47A1632CECA00329284 /* power_of_place.jpg */ = {isa = PBXFileReference; lastKnownFileType = image.jpeg; path = power_of_place.jpg; sourceTree = "<group>"; };
		3F4DB47B1632CECA00329284 /* power_shift.jpg */ = {isa = PBXFileReference; lastKnownFileType = image.jpeg; path = power_shift.jpg; sourceTree = "<group>"; };
		3F4DB47C1632CECA00329284 /* preparedness.jpg */ = {isa = PBXFileReference; lastKnownFileType = image.jpeg; path = preparedness.jpg; sourceTree = "<group>"; };
		3F4DB47D1632CECA00329284 /* presence.jpg */ = {isa = PBXFileReference; lastKnownFileType = image.jpeg; path = presence.jpg; sourceTree = "<group>"; };
		3F4DB47E1632CECA00329284 /* priority_focus.jpg */ = {isa = PBXFileReference; lastKnownFileType = image.jpeg; path = priority_focus.jpg; sourceTree = "<group>"; };
		3F4DB47F1632CECA00329284 /* purpose.jpg */ = {isa = PBXFileReference; lastKnownFileType = image.jpeg; path = purpose.jpg; sourceTree = "<group>"; };
		3F4DB4801632CECA00329284 /* reflection-action_cycle.jpg */ = {isa = PBXFileReference; lastKnownFileType = image.jpeg; path = "reflection-action_cycle.jpg"; sourceTree = "<group>"; };
		3F4DB4811632CECA00329284 /* rest.jpg */ = {isa = PBXFileReference; lastKnownFileType = image.jpeg; path = rest.jpg; sourceTree = "<group>"; };
		3F4DB4821632CECA00329284 /* right_size_bite.jpg */ = {isa = PBXFileReference; lastKnownFileType = image.jpeg; path = right_size_bite.jpg; sourceTree = "<group>"; };
		3F4DB4831632CECA00329284 /* ritual.jpg */ = {isa = PBXFileReference; lastKnownFileType = image.jpeg; path = ritual.jpg; sourceTree = "<group>"; };
		3F4DB4841632CECA00329284 /* seasoned_timing.jpg */ = {isa = PBXFileReference; lastKnownFileType = image.jpeg; path = seasoned_timing.jpg; sourceTree = "<group>"; };
		3F4DB4851632CECA00329284 /* seeing_the_forest,_seeing_the_trees.jpg */ = {isa = PBXFileReference; lastKnownFileType = image.jpeg; path = "seeing_the_forest,_seeing_the_trees.jpg"; sourceTree = "<group>"; };
		3F4DB4861632CECA00329284 /* self-awareness.jpg */ = {isa = PBXFileReference; lastKnownFileType = image.jpeg; path = "self-awareness.jpg"; sourceTree = "<group>"; };
		3F4DB4871632CECA00329284 /* setting_intention.jpg */ = {isa = PBXFileReference; lastKnownFileType = image.jpeg; path = setting_intention.jpg; sourceTree = "<group>"; };
		3F4DB4881632CECA00329284 /* shared_airtime.jpg */ = {isa = PBXFileReference; lastKnownFileType = image.jpeg; path = shared_airtime.jpg; sourceTree = "<group>"; };
		3F4DB4891632CECA00329284 /* shared_leadership_and_roles.jpg */ = {isa = PBXFileReference; lastKnownFileType = image.jpeg; path = shared_leadership_and_roles.jpg; sourceTree = "<group>"; };
		3F4DB48A1632CECA00329284 /* silence.jpg */ = {isa = PBXFileReference; lastKnownFileType = image.jpeg; path = silence.jpg; sourceTree = "<group>"; };
		3F4DB48B1632CECA00329284 /* simplify.jpg */ = {isa = PBXFileReference; lastKnownFileType = image.jpeg; path = simplify.jpg; sourceTree = "<group>"; };
		3F4DB48C1632CECA00329284 /* spirit.jpg */ = {isa = PBXFileReference; lastKnownFileType = image.jpeg; path = spirit.jpg; sourceTree = "<group>"; };
		3F4DB48D1632CECA00329284 /* story.jpg */ = {isa = PBXFileReference; lastKnownFileType = image.jpeg; path = story.jpg; sourceTree = "<group>"; };
		3F4DB48E1632CECA00329284 /* subgroup_and_whole_group.jpg */ = {isa = PBXFileReference; lastKnownFileType = image.jpeg; path = subgroup_and_whole_group.jpg; sourceTree = "<group>"; };
		3F4DB48F1632CECA00329284 /* taking_responsibility.jpg */ = {isa = PBXFileReference; lastKnownFileType = image.jpeg; path = taking_responsibility.jpg; sourceTree = "<group>"; };
		3F4DB4901632CECA00329284 /* tend_relationships.jpg */ = {isa = PBXFileReference; lastKnownFileType = image.jpeg; path = tend_relationships.jpg; sourceTree = "<group>"; };
		3F4DB4911632CECA00329284 /* time_shift.jpg */ = {isa = PBXFileReference; lastKnownFileType = image.jpeg; path = time_shift.jpg; sourceTree = "<group>"; };
		3F4DB4921632CECA00329284 /* trajectory.jpg */ = {isa = PBXFileReference; lastKnownFileType = image.jpeg; path = trajectory.jpg; sourceTree = "<group>"; };
		3F4DB4931632CECA00329284 /* translation.jpg */ = {isa = PBXFileReference; lastKnownFileType = image.jpeg; path = translation.jpg; sourceTree = "<group>"; };
		3F4DB4941632CECA00329284 /* transparency.jpg */ = {isa = PBXFileReference; lastKnownFileType = image.jpeg; path = transparency.jpg; sourceTree = "<group>"; };
		3F4DB4951632CECA00329284 /* trust_the_wisdom_of_the_group.jpg */ = {isa = PBXFileReference; lastKnownFileType = image.jpeg; path = trust_the_wisdom_of_the_group.jpg; sourceTree = "<group>"; };
		3F4DB4961632CECA00329284 /* unity_and_diversity.jpg */ = {isa = PBXFileReference; lastKnownFileType = image.jpeg; path = unity_and_diversity.jpg; sourceTree = "<group>"; };
		3F4DB4971632CECA00329284 /* value_the_margins.jpg */ = {isa = PBXFileReference; lastKnownFileType = image.jpeg; path = value_the_margins.jpg; sourceTree = "<group>"; };
		3F4DB4981632CECA00329284 /* viewpoint_shift.jpg */ = {isa = PBXFileReference; lastKnownFileType = image.jpeg; path = viewpoint_shift.jpg; sourceTree = "<group>"; };
		3F4DB4991632CECA00329284 /* whole_system_in_the_room.jpg */ = {isa = PBXFileReference; lastKnownFileType = image.jpeg; path = whole_system_in_the_room.jpg; sourceTree = "<group>"; };
		3F4DB49A1632CECA00329284 /* witness_with_compassion.jpg */ = {isa = PBXFileReference; lastKnownFileType = image.jpeg; path = witness_with_compassion.jpg; sourceTree = "<group>"; };
		3F4DB49B1632CECA00329284 /* yes,_and.jpg */ = {isa = PBXFileReference; lastKnownFileType = image.jpeg; path = "yes,_and.jpg"; sourceTree = "<group>"; };
		3F4DB4E11632CF4500329284 /* guerrilla_facilitation.jpg */ = {isa = PBXFileReference; lastKnownFileType = image.jpeg; path = guerrilla_facilitation.jpg; sourceTree = "<group>"; };
		3F71B057162AA9A800B62E7C /* Default-568h@2x.png */ = {isa = PBXFileReference; lastKnownFileType = image.png; path = "Default-568h@2x.png"; sourceTree = "<group>"; };
		3FE5645C162BC07400DE2CA6 /* aesthetics_of_space.jpg */ = {isa = PBXFileReference; lastKnownFileType = image.jpeg; path = aesthetics_of_space.jpg; sourceTree = "<group>"; };
		3FE5645D162BC07400DE2CA6 /* all_grist_for_the_mill.jpg */ = {isa = PBXFileReference; lastKnownFileType = image.jpeg; path = all_grist_for_the_mill.jpg; sourceTree = "<group>"; };
		3FE5645E162BC07400DE2CA6 /* appreciation.jpg */ = {isa = PBXFileReference; lastKnownFileType = image.jpeg; path = appreciation.jpg; sourceTree = "<group>"; };
		3FE5645F162BC07400DE2CA6 /* appropriate_boundaries.jpg */ = {isa = PBXFileReference; lastKnownFileType = image.jpeg; path = appropriate_boundaries.jpg; sourceTree = "<group>"; };
		3FE56460162BC07400DE2CA6 /* balance_process_and_content.jpg */ = {isa = PBXFileReference; lastKnownFileType = image.jpeg; path = balance_process_and_content.jpg; sourceTree = "<group>"; };
		3FE56461162BC07400DE2CA6 /* balance_structure_and_flexibility.jpg */ = {isa = PBXFileReference; lastKnownFileType = image.jpeg; path = balance_structure_and_flexibility.jpg; sourceTree = "<group>"; };
		3FE56462162BC07400DE2CA6 /* breaking_bread_together.jpg */ = {isa = PBXFileReference; lastKnownFileType = image.jpeg; path = breaking_bread_together.jpg; sourceTree = "<group>"; };
		3FE56463162BC07400DE2CA6 /* celebrate.jpg */ = {isa = PBXFileReference; lastKnownFileType = image.jpeg; path = celebrate.jpg; sourceTree = "<group>"; };
		3FE56464162BC07400DE2CA6 /* challenge.jpg */ = {isa = PBXFileReference; lastKnownFileType = image.jpeg; path = challenge.jpg; sourceTree = "<group>"; };
		3FE56465162BC07400DE2CA6 /* circle.jpg */ = {isa = PBXFileReference; lastKnownFileType = image.jpeg; path = circle.jpg; sourceTree = "<group>"; };
		3FE56466162BC07400DE2CA6 /* closing.jpg */ = {isa = PBXFileReference; lastKnownFileType = image.jpeg; path = closing.jpg; sourceTree = "<group>"; };
		3FE56467162BC07400DE2CA6 /* commitment.jpg */ = {isa = PBXFileReference; lastKnownFileType = image.jpeg; path = commitment.jpg; sourceTree = "<group>"; };
		3FE56468162BC07400DE2CA6 /* common_ground.jpg */ = {isa = PBXFileReference; lastKnownFileType = image.jpeg; path = common_ground.jpg; sourceTree = "<group>"; };
		3FE56469162BC07400DE2CA6 /* courageous_modelling.jpg */ = {isa = PBXFileReference; lastKnownFileType = image.jpeg; path = courageous_modelling.jpg; sourceTree = "<group>"; };
		3FE5646A162BC07400DE2CA6 /* deliberate.jpg */ = {isa = PBXFileReference; lastKnownFileType = image.jpeg; path = deliberate.jpg; sourceTree = "<group>"; };
		3FE5646B162BC07400DE2CA6 /* discharging.jpg */ = {isa = PBXFileReference; lastKnownFileType = image.jpeg; path = discharging.jpg; sourceTree = "<group>"; };
		3FE5646C162BC07400DE2CA6 /* distilling.jpg */ = {isa = PBXFileReference; lastKnownFileType = image.jpeg; path = distilling.jpg; sourceTree = "<group>"; };
		3FE5646D162BC07400DE2CA6 /* dive_in.jpg */ = {isa = PBXFileReference; lastKnownFileType = image.jpeg; path = dive_in.jpg; sourceTree = "<group>"; };
		3FE5646E162BC07400DE2CA6 /* divergence_and_convergence_rhythm.jpg */ = {isa = PBXFileReference; lastKnownFileType = image.jpeg; path = divergence_and_convergence_rhythm.jpg; sourceTree = "<group>"; };
		3FE5646F162BC07400DE2CA6 /* dwell_with_emotions.jpg */ = {isa = PBXFileReference; lastKnownFileType = image.jpeg; path = dwell_with_emotions.jpg; sourceTree = "<group>"; };
		3FE56470162BC07400DE2CA6 /* embrace_dissonance_and_difference.jpg */ = {isa = PBXFileReference; lastKnownFileType = image.jpeg; path = embrace_dissonance_and_difference.jpg; sourceTree = "<group>"; };
		3FE56471162BC07400DE2CA6 /* emergence.jpg */ = {isa = PBXFileReference; lastKnownFileType = image.jpeg; path = emergence.jpg; sourceTree = "<group>"; };
		3FE56472162BC07400DE2CA6 /* experts_on_tap.jpg */ = {isa = PBXFileReference; lastKnownFileType = image.jpeg; path = experts_on_tap.jpg; sourceTree = "<group>"; };
		BAA6504F4D38661200AC531E /* AboutController.m */ = {isa = PBXFileReference; fileEncoding = 4; lastKnownFileType = sourcecode.c.objc; path = AboutController.m; sourceTree = "<group>"; };
		BAA65086B41391BC285D0E98 /* TODO */ = {isa = PBXFileReference; fileEncoding = 4; lastKnownFileType = text; path = TODO; sourceTree = "<group>"; };
		BAA65114549B20CC39FDE50A /* HomeController.h */ = {isa = PBXFileReference; fileEncoding = 4; lastKnownFileType = sourcecode.c.h; path = HomeController.h; sourceTree = "<group>"; };
		BAA65127D60CA7E56DFFF7EA /* about.html */ = {isa = PBXFileReference; fileEncoding = 4; lastKnownFileType = text.html; path = about.html; sourceTree = "<group>"; };
		BAA6522AAC5F9B9324EA0620 /* InfoController.m */ = {isa = PBXFileReference; fileEncoding = 4; lastKnownFileType = sourcecode.c.objc; path = InfoController.m; sourceTree = "<group>"; };
		BAA653C8D50810CD3B499342 /* HowToUseController.h */ = {isa = PBXFileReference; fileEncoding = 4; lastKnownFileType = sourcecode.c.h; path = HowToUseController.h; sourceTree = "<group>"; };
		BAA653F8D58697CC1765A050 /* AboutController.h */ = {isa = PBXFileReference; fileEncoding = 4; lastKnownFileType = sourcecode.c.h; path = AboutController.h; sourceTree = "<group>"; };
		BAA654AEF9D141BADFCDBD49 /* CardListAlphaSource.m */ = {isa = PBXFileReference; fileEncoding = 4; lastKnownFileType = sourcecode.c.objc; path = CardListAlphaSource.m; sourceTree = "<group>"; };
		BAA65780DCB83F84E875B5B2 /* how_to_use.html */ = {isa = PBXFileReference; fileEncoding = 4; lastKnownFileType = text.html; path = how_to_use.html; sourceTree = "<group>"; };
		BAA65AE68DE688BD64AFF6FA /* CardListCategorySource.m */ = {isa = PBXFileReference; fileEncoding = 4; lastKnownFileType = sourcecode.c.objc; path = CardListCategorySource.m; sourceTree = "<group>"; };
		BAA65B45DCB7C2329E77925D /* InfoController.h */ = {isa = PBXFileReference; fileEncoding = 4; lastKnownFileType = sourcecode.c.h; path = InfoController.h; sourceTree = "<group>"; };
		BAA65B7336EB07259CE2B3D5 /* WebViewController.m */ = {isa = PBXFileReference; fileEncoding = 4; lastKnownFileType = sourcecode.c.objc; path = WebViewController.m; sourceTree = "<group>"; };
		BAA65BFE9F75C56FA1E0BFBE /* CardListDataSource.m */ = {isa = PBXFileReference; fileEncoding = 4; lastKnownFileType = sourcecode.c.objc; path = CardListDataSource.m; sourceTree = "<group>"; };
		BAA65C1B62B9582EFE5B2EF5 /* HomeController.m */ = {isa = PBXFileReference; fileEncoding = 4; lastKnownFileType = sourcecode.c.objc; path = HomeController.m; sourceTree = "<group>"; };
		BAA65D88C1A80780E7C814AF /* CardListCategorySource.h */ = {isa = PBXFileReference; fileEncoding = 4; lastKnownFileType = sourcecode.c.h; path = CardListCategorySource.h; sourceTree = "<group>"; };
		BAA65DA6E83C8A2C68047C34 /* CardListDataSource.h */ = {isa = PBXFileReference; fileEncoding = 4; lastKnownFileType = sourcecode.c.h; path = CardListDataSource.h; sourceTree = "<group>"; };
		BAA65E398047D7BA9AEBFBE2 /* CardListAlphaSource.h */ = {isa = PBXFileReference; fileEncoding = 4; lastKnownFileType = sourcecode.c.h; path = CardListAlphaSource.h; sourceTree = "<group>"; };
		BAA65E5CB3D9CBA0CD36288A /* WebViewController.h */ = {isa = PBXFileReference; fileEncoding = 4; lastKnownFileType = sourcecode.c.h; path = WebViewController.h; sourceTree = "<group>"; };
		BAA65F6033C3104770A0ED51 /* HowToUseController.m */ = {isa = PBXFileReference; fileEncoding = 4; lastKnownFileType = sourcecode.c.objc; path = HowToUseController.m; sourceTree = "<group>"; };
		EC4CBC0413F86769009DBED9 /* CardListController.h */ = {isa = PBXFileReference; fileEncoding = 4; lastKnownFileType = sourcecode.c.h; path = CardListController.h; sourceTree = "<group>"; };
		EC4CBC0513F86769009DBED9 /* CardListController.m */ = {isa = PBXFileReference; fileEncoding = 4; lastKnownFileType = sourcecode.c.objc; path = CardListController.m; sourceTree = "<group>"; };
		EC5097401403392F00800981 /* icon_57.png */ = {isa = PBXFileReference; lastKnownFileType = image.png; path = icon_57.png; sourceTree = "<group>"; };
		EC5097421403393B00800981 /* icon_114.png */ = {isa = PBXFileReference; lastKnownFileType = image.png; path = icon_114.png; sourceTree = "<group>"; };
		EC5097441403394400800981 /* Default.png */ = {isa = PBXFileReference; lastKnownFileType = image.png; path = Default.png; sourceTree = "<group>"; };
		EC5097461403394C00800981 /* Default@2x.png */ = {isa = PBXFileReference; lastKnownFileType = image.png; path = "Default@2x.png"; sourceTree = "<group>"; };
		EC50974814033B9E00800981 /* iTunesArtwork */ = {isa = PBXFileReference; lastKnownFileType = file; path = iTunesArtwork; sourceTree = "<group>"; };
		EC50974F140347EA00800981 /* QuartzCore.framework */ = {isa = PBXFileReference; lastKnownFileType = wrapper.framework; name = QuartzCore.framework; path = System/Library/Frameworks/QuartzCore.framework; sourceTree = SDKROOT; };
		ECB93FF713F85F19001B8F09 /* GroupPatterns.app */ = {isa = PBXFileReference; explicitFileType = wrapper.application; includeInIndex = 0; path = GroupPatterns.app; sourceTree = BUILT_PRODUCTS_DIR; };
		ECB93FFB13F85F19001B8F09 /* UIKit.framework */ = {isa = PBXFileReference; lastKnownFileType = wrapper.framework; name = UIKit.framework; path = System/Library/Frameworks/UIKit.framework; sourceTree = SDKROOT; };
		ECB93FFD13F85F19001B8F09 /* Foundation.framework */ = {isa = PBXFileReference; lastKnownFileType = wrapper.framework; name = Foundation.framework; path = System/Library/Frameworks/Foundation.framework; sourceTree = SDKROOT; };
		ECB93FFF13F85F19001B8F09 /* CoreGraphics.framework */ = {isa = PBXFileReference; lastKnownFileType = wrapper.framework; name = CoreGraphics.framework; path = System/Library/Frameworks/CoreGraphics.framework; sourceTree = SDKROOT; };
		ECB9400313F85F19001B8F09 /* GroupPatterns-Info.plist */ = {isa = PBXFileReference; lastKnownFileType = text.plist.xml; path = "GroupPatterns-Info.plist"; sourceTree = "<group>"; };
		ECB9400513F85F19001B8F09 /* en */ = {isa = PBXFileReference; lastKnownFileType = text.plist.strings; name = en; path = en.lproj/InfoPlist.strings; sourceTree = "<group>"; };
		ECB9400713F85F19001B8F09 /* GroupPatterns-Prefix.pch */ = {isa = PBXFileReference; lastKnownFileType = sourcecode.c.h; path = "GroupPatterns-Prefix.pch"; sourceTree = "<group>"; };
		ECB9400813F85F19001B8F09 /* main.m */ = {isa = PBXFileReference; lastKnownFileType = sourcecode.c.objc; path = main.m; sourceTree = "<group>"; };
		ECB9400A13F85F19001B8F09 /* GroupPatternsAppDelegate.h */ = {isa = PBXFileReference; lastKnownFileType = sourcecode.c.h; path = GroupPatternsAppDelegate.h; sourceTree = "<group>"; };
		ECB9400B13F85F19001B8F09 /* GroupPatternsAppDelegate.m */ = {isa = PBXFileReference; lastKnownFileType = sourcecode.c.objc; path = GroupPatternsAppDelegate.m; sourceTree = "<group>"; };
		ECB9400E13F85F19001B8F09 /* en */ = {isa = PBXFileReference; lastKnownFileType = file.xib; name = en; path = en.lproj/MainWindow.xib; sourceTree = "<group>"; };
		ECB9401013F85F19001B8F09 /* RootViewController.h */ = {isa = PBXFileReference; lastKnownFileType = sourcecode.c.h; path = RootViewController.h; sourceTree = "<group>"; };
		ECB9401113F85F19001B8F09 /* RootViewController.m */ = {isa = PBXFileReference; lastKnownFileType = sourcecode.c.objc; path = RootViewController.m; sourceTree = "<group>"; };
		ECB9401413F85F19001B8F09 /* en */ = {isa = PBXFileReference; lastKnownFileType = file.xib; name = en; path = en.lproj/RootViewController.xib; sourceTree = "<group>"; };
		ECB9402213F86010001B8F09 /* CardController.h */ = {isa = PBXFileReference; fileEncoding = 4; lastKnownFileType = sourcecode.c.h; path = CardController.h; sourceTree = "<group>"; };
		ECB9402313F86010001B8F09 /* CardController.m */ = {isa = PBXFileReference; fileEncoding = 4; lastKnownFileType = sourcecode.c.objc; path = CardController.m; sourceTree = "<group>"; };
		ECB9402713F86142001B8F09 /* Card.h */ = {isa = PBXFileReference; fileEncoding = 4; lastKnownFileType = sourcecode.c.h; path = Card.h; sourceTree = "<group>"; };
		ECB9402813F86142001B8F09 /* Card.m */ = {isa = PBXFileReference; fileEncoding = 4; lastKnownFileType = sourcecode.c.objc; path = Card.m; sourceTree = "<group>"; };
		ECD639A013FA110200D26D20 /* AsyncImageView.h */ = {isa = PBXFileReference; fileEncoding = 4; lastKnownFileType = sourcecode.c.h; path = AsyncImageView.h; sourceTree = "<group>"; };
		ECD639A113FA110200D26D20 /* AsyncImageView.m */ = {isa = PBXFileReference; fileEncoding = 4; lastKnownFileType = sourcecode.c.objc; path = AsyncImageView.m; sourceTree = "<group>"; };
/* End PBXFileReference section */

/* Begin PBXFrameworksBuildPhase section */
		ECB93FF413F85F19001B8F09 /* Frameworks */ = {
			isa = PBXFrameworksBuildPhase;
			buildActionMask = 2147483647;
			files = (
				EC509750140347EA00800981 /* QuartzCore.framework in Frameworks */,
				ECB93FFC13F85F19001B8F09 /* UIKit.framework in Frameworks */,
				ECB93FFE13F85F19001B8F09 /* Foundation.framework in Frameworks */,
				ECB9400013F85F19001B8F09 /* CoreGraphics.framework in Frameworks */,
				3F4DB3AC1632466E00329284 /* OCTotallyLazy.framework in Frameworks */,
			);
			runOnlyForDeploymentPostprocessing = 0;
		};
/* End PBXFrameworksBuildPhase section */

/* Begin PBXGroup section */
		3F442A3C162BA4F1000322AE /* Images */ = {
			isa = PBXGroup;
			children = (
				3F442A3D162BA4F1000322AE /* icon_114.png */,
				3F442A3E162BA4F1000322AE /* icon_512.png */,
				3F442A3F162BA4F1000322AE /* icon_57.png */,
				3F442A40162BA4F1000322AE /* launch.png */,
				3F442A41162BA4F1000322AE /* launch_320x480.png */,
				3F442A42162BA4F1000322AE /* launch_640x1136.png */,
				3F442A43162BA4F1000322AE /* launch_640x960.png */,
				3F442A44162BA4F1000322AE /* old */,
			);
			path = Images;
			sourceTree = "<group>";
		};
		3F442A44162BA4F1000322AE /* old */ = {
			isa = PBXGroup;
			children = (
				3F442A45162BA4F1000322AE /* launch_320.png */,
				3F442A46162BA4F1000322AE /* launch_640.png */,
			);
			path = old;
			sourceTree = "<group>";
		};
		3FE5645B162BC07400DE2CA6 /* Cards */ = {
			isa = PBXGroup;
			children = (
				3F4DB4571632CECA00329284 /* cards.json */,
				3F4DB4581632CECA00329284 /* expressive_arts.jpg */,
				3F4DB4591632CECA00329284 /* feedback.jpg */,
				3F4DB45A1632CECA00329284 /* follow_the_energy.jpg */,
				3F4DB45B1632CECA00329284 /* fractal.jpg */,
				3F4DB45C1632CECA00329284 /* gaia.jpg */,
				3F4DB45D1632CECA00329284 /* generate_possibilities.jpg */,
				3F4DB45E1632CECA00329284 /* go_deeper.jpg */,
				3F4DB45F1632CECA00329284 /* go_meta.jpg */,
				3F4DB4601632CECA00329284 /* good_faith_assumptions.jpg */,
				3F4DB4611632CECA00329284 /* group_culture.jpg */,
				3F4DB4E11632CF4500329284 /* guerrilla_facilitation.jpg */,
				3F4DB4631632CECA00329284 /* harvesting.jpg */,
				3F4DB4641632CECA00329284 /* history_and_context.jpg */,
				3F4DB4651632CECA00329284 /* holding_space.jpg */,
				3F4DB4661632CECA00329284 /* honour_each_person.jpg */,
				3F4DB4671632CECA00329284 /* hosting.jpg */,
				3F4DB4681632CECA00329284 /* improvise.jpg */,
				3F4DB4691632CECA00329284 /* inform_the_group_mind.jpg */,
				3F4DB46A1632CECA00329284 /* inquiry.jpg */,
				3F4DB46B1632CECA00329284 /* invitation.jpg */,
				3F4DB46C1632CECA00329284 /* iteration.jpg */,
				3F4DB46D1632CECA00329284 /* letting_go.jpg */,
				3F4DB46E1632CECA00329284 /* listening.jpg */,
				3F4DB46F1632CECA00329284 /* magic.jpg */,
				3F4DB4701632CECA00329284 /* mapping_and_measurement.jpg */,
				3F4DB4711632CECA00329284 /* mirroring.jpg */,
				3F4DB4721632CECA00329284 /* mode_choice.jpg */,
				3F4DB4731632CECA00329284 /* moving_toward_alignment.jpg */,
				3F4DB4741632CECA00329284 /* naming.jpg */,
				3F4DB4751632CECA00329284 /* nooks_in_space_and_time.jpg */,
				3F4DB4761632CECA00329284 /* not_about_you.jpg */,
				3F4DB4771632CECA00329284 /* opening_and_welcome.jpg */,
				3F4DB4781632CECA00329284 /* playfulness.jpg */,
				3F4DB4791632CECA00329284 /* power_of_constraints.jpg */,
				3F4DB47A1632CECA00329284 /* power_of_place.jpg */,
				3F4DB47B1632CECA00329284 /* power_shift.jpg */,
				3F4DB47C1632CECA00329284 /* preparedness.jpg */,
				3F4DB47D1632CECA00329284 /* presence.jpg */,
				3F4DB47E1632CECA00329284 /* priority_focus.jpg */,
				3F4DB47F1632CECA00329284 /* purpose.jpg */,
				3F4DB4801632CECA00329284 /* reflection-action_cycle.jpg */,
				3F4DB4811632CECA00329284 /* rest.jpg */,
				3F4DB4821632CECA00329284 /* right_size_bite.jpg */,
				3F4DB4831632CECA00329284 /* ritual.jpg */,
				3F4DB4841632CECA00329284 /* seasoned_timing.jpg */,
				3F4DB4851632CECA00329284 /* seeing_the_forest,_seeing_the_trees.jpg */,
				3F4DB4861632CECA00329284 /* self-awareness.jpg */,
				3F4DB4871632CECA00329284 /* setting_intention.jpg */,
				3F4DB4881632CECA00329284 /* shared_airtime.jpg */,
				3F4DB4891632CECA00329284 /* shared_leadership_and_roles.jpg */,
				3F4DB48A1632CECA00329284 /* silence.jpg */,
				3F4DB48B1632CECA00329284 /* simplify.jpg */,
				3F4DB48C1632CECA00329284 /* spirit.jpg */,
				3F4DB48D1632CECA00329284 /* story.jpg */,
				3F4DB48E1632CECA00329284 /* subgroup_and_whole_group.jpg */,
				3F4DB48F1632CECA00329284 /* taking_responsibility.jpg */,
				3F4DB4901632CECA00329284 /* tend_relationships.jpg */,
				3F4DB4911632CECA00329284 /* time_shift.jpg */,
				3F4DB4921632CECA00329284 /* trajectory.jpg */,
				3F4DB4931632CECA00329284 /* translation.jpg */,
				3F4DB4941632CECA00329284 /* transparency.jpg */,
				3F4DB4951632CECA00329284 /* trust_the_wisdom_of_the_group.jpg */,
				3F4DB4961632CECA00329284 /* unity_and_diversity.jpg */,
				3F4DB4971632CECA00329284 /* value_the_margins.jpg */,
				3F4DB4981632CECA00329284 /* viewpoint_shift.jpg */,
				3F4DB4991632CECA00329284 /* whole_system_in_the_room.jpg */,
				3F4DB49A1632CECA00329284 /* witness_with_compassion.jpg */,
				3F4DB49B1632CECA00329284 /* yes,_and.jpg */,
				3FE5645C162BC07400DE2CA6 /* aesthetics_of_space.jpg */,
				3FE5645D162BC07400DE2CA6 /* all_grist_for_the_mill.jpg */,
				3FE5645E162BC07400DE2CA6 /* appreciation.jpg */,
				3FE5645F162BC07400DE2CA6 /* appropriate_boundaries.jpg */,
				3FE56460162BC07400DE2CA6 /* balance_process_and_content.jpg */,
				3FE56461162BC07400DE2CA6 /* balance_structure_and_flexibility.jpg */,
				3FE56462162BC07400DE2CA6 /* breaking_bread_together.jpg */,
				3FE56463162BC07400DE2CA6 /* celebrate.jpg */,
				3FE56464162BC07400DE2CA6 /* challenge.jpg */,
				3FE56465162BC07400DE2CA6 /* circle.jpg */,
				3FE56466162BC07400DE2CA6 /* closing.jpg */,
				3FE56467162BC07400DE2CA6 /* commitment.jpg */,
				3FE56468162BC07400DE2CA6 /* common_ground.jpg */,
				3FE56469162BC07400DE2CA6 /* courageous_modelling.jpg */,
				3FE5646A162BC07400DE2CA6 /* deliberate.jpg */,
				3FE5646B162BC07400DE2CA6 /* discharging.jpg */,
				3FE5646C162BC07400DE2CA6 /* distilling.jpg */,
				3FE5646D162BC07400DE2CA6 /* dive_in.jpg */,
				3FE5646E162BC07400DE2CA6 /* divergence_and_convergence_rhythm.jpg */,
				3FE5646F162BC07400DE2CA6 /* dwell_with_emotions.jpg */,
				3FE56470162BC07400DE2CA6 /* embrace_dissonance_and_difference.jpg */,
				3FE56471162BC07400DE2CA6 /* emergence.jpg */,
				3FE56472162BC07400DE2CA6 /* experts_on_tap.jpg */,
				BAA65127D60CA7E56DFFF7EA /* about.html */,
				BAA65780DCB83F84E875B5B2 /* how_to_use.html */,
			);
			path = Cards;
			sourceTree = "<group>";
		};
		BAA65EC3C8245D179A65BF9D /* DataSources */ = {
			isa = PBXGroup;
			children = (
				BAA65E398047D7BA9AEBFBE2 /* CardListAlphaSource.h */,
				BAA654AEF9D141BADFCDBD49 /* CardListAlphaSource.m */,
				BAA65D88C1A80780E7C814AF /* CardListCategorySource.h */,
				BAA65AE68DE688BD64AFF6FA /* CardListCategorySource.m */,
				BAA65DA6E83C8A2C68047C34 /* CardListDataSource.h */,
				BAA65BFE9F75C56FA1E0BFBE /* CardListDataSource.m */,
			);
			path = DataSources;
			sourceTree = "<group>";
		};
		ECB93FEC13F85F19001B8F09 = {
			isa = PBXGroup;
			children = (
				3FE5645B162BC07400DE2CA6 /* Cards */,
				3F442A33162B9B05000322AE /* Storyboard.storyboard */,
				3F71B057162AA9A800B62E7C /* Default-568h@2x.png */,
				EC50974814033B9E00800981 /* iTunesArtwork */,
				EC5097461403394C00800981 /* Default@2x.png */,
				EC5097441403394400800981 /* Default.png */,
				EC5097421403393B00800981 /* icon_114.png */,
				EC5097401403392F00800981 /* icon_57.png */,
				ECB9400113F85F19001B8F09 /* GroupPatterns */,
				ECB93FFA13F85F19001B8F09 /* Frameworks */,
				ECB93FF813F85F19001B8F09 /* Products */,
				3F442A3C162BA4F1000322AE /* Images */,
				BAA65086B41391BC285D0E98 /* TODO */,
			);
			sourceTree = "<group>";
		};
		ECB93FF813F85F19001B8F09 /* Products */ = {
			isa = PBXGroup;
			children = (
				ECB93FF713F85F19001B8F09 /* GroupPatterns.app */,
			);
			name = Products;
			sourceTree = "<group>";
		};
		ECB93FFA13F85F19001B8F09 /* Frameworks */ = {
			isa = PBXGroup;
			children = (
				3F4DB3AB1632466E00329284 /* OCTotallyLazy.framework */,
				EC50974F140347EA00800981 /* QuartzCore.framework */,
				ECB93FFB13F85F19001B8F09 /* UIKit.framework */,
				ECB93FFD13F85F19001B8F09 /* Foundation.framework */,
				ECB93FFF13F85F19001B8F09 /* CoreGraphics.framework */,
			);
			name = Frameworks;
			sourceTree = "<group>";
		};
		ECB9400113F85F19001B8F09 /* GroupPatterns */ = {
			isa = PBXGroup;
			children = (
				ECD6399E13FA10DE00D26D20 /* Views */,
				ECB9401C13F85F44001B8F09 /* Controllers */,
				ECB9401B13F85F39001B8F09 /* Models */,
				ECB9400A13F85F19001B8F09 /* GroupPatternsAppDelegate.h */,
				ECB9400B13F85F19001B8F09 /* GroupPatternsAppDelegate.m */,
				ECB9400D13F85F19001B8F09 /* MainWindow.xib */,
				ECB9401013F85F19001B8F09 /* RootViewController.h */,
				ECB9401113F85F19001B8F09 /* RootViewController.m */,
				ECB9401313F85F19001B8F09 /* RootViewController.xib */,
				ECB9400213F85F19001B8F09 /* Supporting Files */,
			);
			path = GroupPatterns;
			sourceTree = "<group>";
		};
		ECB9400213F85F19001B8F09 /* Supporting Files */ = {
			isa = PBXGroup;
			children = (
				ECB9400313F85F19001B8F09 /* GroupPatterns-Info.plist */,
				ECB9400413F85F19001B8F09 /* InfoPlist.strings */,
				ECB9400713F85F19001B8F09 /* GroupPatterns-Prefix.pch */,
				ECB9400813F85F19001B8F09 /* main.m */,
			);
			name = "Supporting Files";
			sourceTree = "<group>";
		};
		ECB9401B13F85F39001B8F09 /* Models */ = {
			isa = PBXGroup;
			children = (
				ECB9402713F86142001B8F09 /* Card.h */,
				ECB9402813F86142001B8F09 /* Card.m */,
			);
			path = Models;
			sourceTree = "<group>";
		};
		ECB9401C13F85F44001B8F09 /* Controllers */ = {
			isa = PBXGroup;
			children = (
				ECB9402213F86010001B8F09 /* CardController.h */,
				ECB9402313F86010001B8F09 /* CardController.m */,
				EC4CBC0413F86769009DBED9 /* CardListController.h */,
				EC4CBC0513F86769009DBED9 /* CardListController.m */,
				BAA65C1B62B9582EFE5B2EF5 /* HomeController.m */,
				BAA65114549B20CC39FDE50A /* HomeController.h */,
				BAA6522AAC5F9B9324EA0620 /* InfoController.m */,
				BAA65B45DCB7C2329E77925D /* InfoController.h */,
				BAA6504F4D38661200AC531E /* AboutController.m */,
				BAA653F8D58697CC1765A050 /* AboutController.h */,
				BAA65EC3C8245D179A65BF9D /* DataSources */,
				BAA65B7336EB07259CE2B3D5 /* WebViewController.m */,
				BAA65E5CB3D9CBA0CD36288A /* WebViewController.h */,
				BAA65F6033C3104770A0ED51 /* HowToUseController.m */,
				BAA653C8D50810CD3B499342 /* HowToUseController.h */,
			);
			path = Controllers;
			sourceTree = "<group>";
		};
		ECD6399E13FA10DE00D26D20 /* Views */ = {
			isa = PBXGroup;
			children = (
				ECD639A013FA110200D26D20 /* AsyncImageView.h */,
				ECD639A113FA110200D26D20 /* AsyncImageView.m */,
			);
			path = Views;
			sourceTree = "<group>";
		};
/* End PBXGroup section */

/* Begin PBXNativeTarget section */
		ECB93FF613F85F19001B8F09 /* GroupPatterns */ = {
			isa = PBXNativeTarget;
			buildConfigurationList = ECB9401813F85F19001B8F09 /* Build configuration list for PBXNativeTarget "GroupPatterns" */;
			buildPhases = (
				ECB93FF313F85F19001B8F09 /* Sources */,
				ECB93FF413F85F19001B8F09 /* Frameworks */,
				ECB93FF513F85F19001B8F09 /* Resources */,
			);
			buildRules = (
			);
			dependencies = (
			);
			name = GroupPatterns;
			productName = GroupPatterns;
			productReference = ECB93FF713F85F19001B8F09 /* GroupPatterns.app */;
			productType = "com.apple.product-type.application";
		};
/* End PBXNativeTarget section */

/* Begin PBXProject section */
		ECB93FEE13F85F19001B8F09 /* Project object */ = {
			isa = PBXProject;
			attributes = {
				LastUpgradeCheck = 0450;
			};
			buildConfigurationList = ECB93FF113F85F19001B8F09 /* Build configuration list for PBXProject "GroupPatterns" */;
			compatibilityVersion = "Xcode 3.2";
			developmentRegion = English;
			hasScannedForEncodings = 0;
			knownRegions = (
				en,
			);
			mainGroup = ECB93FEC13F85F19001B8F09;
			productRefGroup = ECB93FF813F85F19001B8F09 /* Products */;
			projectDirPath = "";
			projectRoot = "";
			targets = (
				ECB93FF613F85F19001B8F09 /* GroupPatterns */,
			);
		};
/* End PBXProject section */

/* Begin PBXResourcesBuildPhase section */
		ECB93FF513F85F19001B8F09 /* Resources */ = {
			isa = PBXResourcesBuildPhase;
			buildActionMask = 2147483647;
			files = (
				ECB9400613F85F19001B8F09 /* InfoPlist.strings in Resources */,
				ECB9400F13F85F19001B8F09 /* MainWindow.xib in Resources */,
				ECB9401513F85F19001B8F09 /* RootViewController.xib in Resources */,
				EC5097411403392F00800981 /* icon_57.png in Resources */,
				EC5097431403393B00800981 /* icon_114.png in Resources */,
				EC5097451403394400800981 /* Default.png in Resources */,
				EC5097471403394C00800981 /* Default@2x.png in Resources */,
				EC50974914033B9E00800981 /* iTunesArtwork in Resources */,
				3F71B058162AA9A800B62E7C /* Default-568h@2x.png in Resources */,
				3F442A34162B9B05000322AE /* Storyboard.storyboard in Resources */,
				3F442A47162BA4F1000322AE /* icon_114.png in Resources */,
				3F442A48162BA4F1000322AE /* icon_512.png in Resources */,
				3F442A49162BA4F1000322AE /* icon_57.png in Resources */,
				3F442A4A162BA4F1000322AE /* launch.png in Resources */,
				3F442A4B162BA4F1000322AE /* launch_320x480.png in Resources */,
				3F442A4C162BA4F1000322AE /* launch_640x1136.png in Resources */,
				3F442A4D162BA4F1000322AE /* launch_640x960.png in Resources */,
				3F442A4E162BA4F1000322AE /* launch_320.png in Resources */,
				3F442A4F162BA4F1000322AE /* launch_640.png in Resources */,
				3FE56473162BC07400DE2CA6 /* aesthetics_of_space.jpg in Resources */,
				3FE56474162BC07400DE2CA6 /* all_grist_for_the_mill.jpg in Resources */,
				3FE56475162BC07400DE2CA6 /* appreciation.jpg in Resources */,
				3FE56476162BC07400DE2CA6 /* appropriate_boundaries.jpg in Resources */,
				3FE56477162BC07400DE2CA6 /* balance_process_and_content.jpg in Resources */,
				3FE56478162BC07400DE2CA6 /* balance_structure_and_flexibility.jpg in Resources */,
				3FE56479162BC07400DE2CA6 /* breaking_bread_together.jpg in Resources */,
				3FE5647A162BC07400DE2CA6 /* celebrate.jpg in Resources */,
				3FE5647B162BC07400DE2CA6 /* challenge.jpg in Resources */,
				3FE5647C162BC07400DE2CA6 /* circle.jpg in Resources */,
				3FE5647D162BC07400DE2CA6 /* closing.jpg in Resources */,
				3FE5647E162BC07400DE2CA6 /* commitment.jpg in Resources */,
				3FE5647F162BC07400DE2CA6 /* common_ground.jpg in Resources */,
				3FE56480162BC07400DE2CA6 /* courageous_modelling.jpg in Resources */,
				3FE56481162BC07400DE2CA6 /* deliberate.jpg in Resources */,
				3FE56482162BC07400DE2CA6 /* discharging.jpg in Resources */,
				3FE56483162BC07400DE2CA6 /* distilling.jpg in Resources */,
				3FE56484162BC07400DE2CA6 /* dive_in.jpg in Resources */,
				3FE56485162BC07400DE2CA6 /* divergence_and_convergence_rhythm.jpg in Resources */,
				3FE56486162BC07400DE2CA6 /* dwell_with_emotions.jpg in Resources */,
				3FE56487162BC07400DE2CA6 /* embrace_dissonance_and_difference.jpg in Resources */,
				3FE56488162BC07400DE2CA6 /* emergence.jpg in Resources */,
				3FE56489162BC07400DE2CA6 /* experts_on_tap.jpg in Resources */,
				BAA65D9E875FFCE659DDD14F /* about.html in Resources */,
				BAA65CBACEE7EB20796390D7 /* TODO in Resources */,
				BAA65937C3CE700655700464 /* how_to_use.html in Resources */,
				3F4DB49C1632CECA00329284 /* cards.json in Resources */,
				3F4DB49D1632CECA00329284 /* expressive_arts.jpg in Resources */,
				3F4DB49E1632CECA00329284 /* feedback.jpg in Resources */,
				3F4DB49F1632CECA00329284 /* follow_the_energy.jpg in Resources */,
				3F4DB4A01632CECA00329284 /* fractal.jpg in Resources */,
				3F4DB4A11632CECA00329284 /* gaia.jpg in Resources */,
				3F4DB4A21632CECA00329284 /* generate_possibilities.jpg in Resources */,
				3F4DB4A31632CECA00329284 /* go_deeper.jpg in Resources */,
				3F4DB4A41632CECA00329284 /* go_meta.jpg in Resources */,
				3F4DB4A51632CECA00329284 /* good_faith_assumptions.jpg in Resources */,
				3F4DB4A61632CECA00329284 /* group_culture.jpg in Resources */,
				3F4DB4A81632CECA00329284 /* harvesting.jpg in Resources */,
				3F4DB4A91632CECA00329284 /* history_and_context.jpg in Resources */,
				3F4DB4AA1632CECA00329284 /* holding_space.jpg in Resources */,
				3F4DB4AB1632CECA00329284 /* honour_each_person.jpg in Resources */,
				3F4DB4AC1632CECA00329284 /* hosting.jpg in Resources */,
				3F4DB4AD1632CECA00329284 /* improvise.jpg in Resources */,
				3F4DB4AE1632CECA00329284 /* inform_the_group_mind.jpg in Resources */,
				3F4DB4AF1632CECA00329284 /* inquiry.jpg in Resources */,
				3F4DB4B01632CECA00329284 /* invitation.jpg in Resources */,
				3F4DB4B11632CECA00329284 /* iteration.jpg in Resources */,
				3F4DB4B21632CECA00329284 /* letting_go.jpg in Resources */,
				3F4DB4B31632CECA00329284 /* listening.jpg in Resources */,
				3F4DB4B41632CECA00329284 /* magic.jpg in Resources */,
				3F4DB4B51632CECA00329284 /* mapping_and_measurement.jpg in Resources */,
				3F4DB4B61632CECA00329284 /* mirroring.jpg in Resources */,
				3F4DB4B71632CECA00329284 /* mode_choice.jpg in Resources */,
				3F4DB4B81632CECA00329284 /* moving_toward_alignment.jpg in Resources */,
				3F4DB4B91632CECA00329284 /* naming.jpg in Resources */,
				3F4DB4BA1632CECA00329284 /* nooks_in_space_and_time.jpg in Resources */,
				3F4DB4BB1632CECA00329284 /* not_about_you.jpg in Resources */,
				3F4DB4BC1632CECA00329284 /* opening_and_welcome.jpg in Resources */,
				3F4DB4BD1632CECA00329284 /* playfulness.jpg in Resources */,
				3F4DB4BE1632CECA00329284 /* power_of_constraints.jpg in Resources */,
				3F4DB4BF1632CECA00329284 /* power_of_place.jpg in Resources */,
				3F4DB4C01632CECA00329284 /* power_shift.jpg in Resources */,
				3F4DB4C11632CECA00329284 /* preparedness.jpg in Resources */,
				3F4DB4C21632CECA00329284 /* presence.jpg in Resources */,
				3F4DB4C31632CECA00329284 /* priority_focus.jpg in Resources */,
				3F4DB4C41632CECA00329284 /* purpose.jpg in Resources */,
				3F4DB4C51632CECA00329284 /* reflection-action_cycle.jpg in Resources */,
				3F4DB4C61632CECA00329284 /* rest.jpg in Resources */,
				3F4DB4C71632CECA00329284 /* right_size_bite.jpg in Resources */,
				3F4DB4C81632CECA00329284 /* ritual.jpg in Resources */,
				3F4DB4C91632CECA00329284 /* seasoned_timing.jpg in Resources */,
				3F4DB4CA1632CECA00329284 /* seeing_the_forest,_seeing_the_trees.jpg in Resources */,
				3F4DB4CB1632CECA00329284 /* self-awareness.jpg in Resources */,
				3F4DB4CC1632CECA00329284 /* setting_intention.jpg in Resources */,
				3F4DB4CD1632CECA00329284 /* shared_airtime.jpg in Resources */,
				3F4DB4CE1632CECA00329284 /* shared_leadership_and_roles.jpg in Resources */,
				3F4DB4CF1632CECA00329284 /* silence.jpg in Resources */,
				3F4DB4D01632CECA00329284 /* simplify.jpg in Resources */,
				3F4DB4D11632CECA00329284 /* spirit.jpg in Resources */,
				3F4DB4D21632CECA00329284 /* story.jpg in Resources */,
				3F4DB4D31632CECA00329284 /* subgroup_and_whole_group.jpg in Resources */,
				3F4DB4D41632CECA00329284 /* taking_responsibility.jpg in Resources */,
				3F4DB4D51632CECA00329284 /* tend_relationships.jpg in Resources */,
				3F4DB4D61632CECA00329284 /* time_shift.jpg in Resources */,
				3F4DB4D71632CECA00329284 /* trajectory.jpg in Resources */,
				3F4DB4D81632CECA00329284 /* translation.jpg in Resources */,
				3F4DB4D91632CECA00329284 /* transparency.jpg in Resources */,
				3F4DB4DA1632CECA00329284 /* trust_the_wisdom_of_the_group.jpg in Resources */,
				3F4DB4DB1632CECA00329284 /* unity_and_diversity.jpg in Resources */,
				3F4DB4DC1632CECA00329284 /* value_the_margins.jpg in Resources */,
				3F4DB4DD1632CECA00329284 /* viewpoint_shift.jpg in Resources */,
				3F4DB4DE1632CECA00329284 /* whole_system_in_the_room.jpg in Resources */,
				3F4DB4DF1632CECA00329284 /* witness_with_compassion.jpg in Resources */,
				3F4DB4E01632CECA00329284 /* yes,_and.jpg in Resources */,
				3F4DB4E21632CF4500329284 /* guerrilla_facilitation.jpg in Resources */,
			);
			runOnlyForDeploymentPostprocessing = 0;
		};
/* End PBXResourcesBuildPhase section */

/* Begin PBXSourcesBuildPhase section */
		ECB93FF313F85F19001B8F09 /* Sources */ = {
			isa = PBXSourcesBuildPhase;
			buildActionMask = 2147483647;
			files = (
				ECB9400913F85F19001B8F09 /* main.m in Sources */,
				ECB9400C13F85F19001B8F09 /* GroupPatternsAppDelegate.m in Sources */,
				ECB9401213F85F19001B8F09 /* RootViewController.m in Sources */,
				ECB9402513F86010001B8F09 /* CardController.m in Sources */,
				ECB9402913F86142001B8F09 /* Card.m in Sources */,
				EC4CBC0713F86769009DBED9 /* CardListController.m in Sources */,
				ECD639A213FA110200D26D20 /* AsyncImageView.m in Sources */,
				BAA6515625D88D43787ED7B2 /* HomeController.m in Sources */,
				BAA65450AA6C34B70125DCD5 /* InfoController.m in Sources */,
				BAA6581D0E689F6469A681F7 /* AboutController.m in Sources */,
				BAA659045D3116F483B9A28C /* CardListAlphaSource.m in Sources */,
				BAA653CC176C4AA6F6646231 /* CardListCategorySource.m in Sources */,
				BAA65245D2B8DEA8C711FF09 /* CardListDataSource.m in Sources */,
				BAA65713ADC90B295F7BD8DC /* WebViewController.m in Sources */,
				BAA65EC701E8CD8B40B273F4 /* HowToUseController.m in Sources */,
			);
			runOnlyForDeploymentPostprocessing = 0;
		};
/* End PBXSourcesBuildPhase section */

/* Begin PBXVariantGroup section */
		ECB9400413F85F19001B8F09 /* InfoPlist.strings */ = {
			isa = PBXVariantGroup;
			children = (
				ECB9400513F85F19001B8F09 /* en */,
			);
			name = InfoPlist.strings;
			sourceTree = "<group>";
		};
		ECB9400D13F85F19001B8F09 /* MainWindow.xib */ = {
			isa = PBXVariantGroup;
			children = (
				ECB9400E13F85F19001B8F09 /* en */,
			);
			name = MainWindow.xib;
			sourceTree = "<group>";
		};
		ECB9401313F85F19001B8F09 /* RootViewController.xib */ = {
			isa = PBXVariantGroup;
			children = (
				ECB9401413F85F19001B8F09 /* en */,
			);
			name = RootViewController.xib;
			sourceTree = "<group>";
		};
/* End PBXVariantGroup section */

/* Begin XCBuildConfiguration section */
		ECB9401613F85F19001B8F09 /* Debug */ = {
			isa = XCBuildConfiguration;
			buildSettings = {
				ARCHS = "$(ARCHS_STANDARD_32_BIT)";
				"CODE_SIGN_IDENTITY[sdk=iphoneos*]" = "iPhone Distribution: Barking Minds, LLC";
				GCC_C_LANGUAGE_STANDARD = gnu99;
				GCC_OPTIMIZATION_LEVEL = 0;
				GCC_PREPROCESSOR_DEFINITIONS = DEBUG;
				GCC_SYMBOLS_PRIVATE_EXTERN = NO;
				GCC_VERSION = com.apple.compilers.llvmgcc42;
				GCC_WARN_ABOUT_RETURN_TYPE = YES;
				GCC_WARN_UNUSED_VARIABLE = YES;
				IPHONEOS_DEPLOYMENT_TARGET = 5.0;
				"PROVISIONING_PROFILE[sdk=iphoneos*]" = "2A0AD80D-E8D2-4EBF-9F16-49A339A1FDBD";
				SDKROOT = iphoneos;
			};
			name = Debug;
		};
		ECB9401713F85F19001B8F09 /* Release */ = {
			isa = XCBuildConfiguration;
			buildSettings = {
				ARCHS = "$(ARCHS_STANDARD_32_BIT)";
				"CODE_SIGN_IDENTITY[sdk=iphoneos*]" = "iPhone Distribution: Barking Minds, LLC";
				GCC_C_LANGUAGE_STANDARD = gnu99;
				GCC_VERSION = com.apple.compilers.llvmgcc42;
				GCC_WARN_ABOUT_RETURN_TYPE = YES;
				GCC_WARN_UNUSED_VARIABLE = YES;
				IPHONEOS_DEPLOYMENT_TARGET = 5.0;
				OTHER_CFLAGS = "-DNS_BLOCK_ASSERTIONS=1";
				"PROVISIONING_PROFILE[sdk=iphoneos*]" = "2A0AD80D-E8D2-4EBF-9F16-49A339A1FDBD";
				SDKROOT = iphoneos;
			};
			name = Release;
		};
		ECB9401913F85F19001B8F09 /* Debug */ = {
			isa = XCBuildConfiguration;
			buildSettings = {
				ALWAYS_SEARCH_USER_PATHS = NO;
				CLANG_ENABLE_OBJC_ARC = YES;
				"CODE_SIGN_IDENTITY[sdk=iphoneos*]" = "iPhone Developer: Jeremy Lightsmith (G4JU45C4U6)";
				COPY_PHASE_STRIP = NO;
				FRAMEWORK_SEARCH_PATHS = (
					"$(inherited)",
					"\"$(SRCROOT)\"",
				);
				GCC_DYNAMIC_NO_PIC = NO;
				GCC_PRECOMPILE_PREFIX_HEADER = YES;
				GCC_PREFIX_HEADER = "GroupPatterns/GroupPatterns-Prefix.pch";
				GCC_VERSION = com.apple.compilers.llvm.clang.1_0;
				INFOPLIST_FILE = "GroupPatterns/GroupPatterns-Info.plist";
				IPHONEOS_DEPLOYMENT_TARGET = 5.0;
				PRODUCT_NAME = "$(TARGET_NAME)";
				"PROVISIONING_PROFILE[sdk=iphoneos*]" = "2EE22968-0108-4072-87B5-E2712AEC4B8A";
				WRAPPER_EXTENSION = app;
			};
			name = Debug;
		};
		ECB9401A13F85F19001B8F09 /* Release */ = {
			isa = XCBuildConfiguration;
			buildSettings = {
				ALWAYS_SEARCH_USER_PATHS = NO;
				CLANG_ENABLE_OBJC_ARC = YES;
				"CODE_SIGN_IDENTITY[sdk=iphoneos*]" = "iPhone Distribution: Barking Minds, LLC";
				COPY_PHASE_STRIP = YES;
				FRAMEWORK_SEARCH_PATHS = (
					"$(inherited)",
					"\"$(SRCROOT)\"",
				);
				GCC_PRECOMPILE_PREFIX_HEADER = YES;
				GCC_PREFIX_HEADER = "GroupPatterns/GroupPatterns-Prefix.pch";
				GCC_VERSION = com.apple.compilers.llvm.clang.1_0;
				INFOPLIST_FILE = "GroupPatterns/GroupPatterns-Info.plist";
				IPHONEOS_DEPLOYMENT_TARGET = 5.0;
				PRODUCT_NAME = "$(TARGET_NAME)";
				"PROVISIONING_PROFILE[sdk=iphoneos*]" = "9C18D22D-D85B-429B-9075-41A9D74EEDD1";
				VALIDATE_PRODUCT = YES;
				WRAPPER_EXTENSION = app;
			};
			name = Release;
		};
/* End XCBuildConfiguration section */

/* Begin XCConfigurationList section */
		ECB93FF113F85F19001B8F09 /* Build configuration list for PBXProject "GroupPatterns" */ = {
			isa = XCConfigurationList;
			buildConfigurations = (
				ECB9401613F85F19001B8F09 /* Debug */,
				ECB9401713F85F19001B8F09 /* Release */,
			);
			defaultConfigurationIsVisible = 0;
			defaultConfigurationName = Release;
		};
		ECB9401813F85F19001B8F09 /* Build configuration list for PBXNativeTarget "GroupPatterns" */ = {
			isa = XCConfigurationList;
			buildConfigurations = (
				ECB9401913F85F19001B8F09 /* Debug */,
				ECB9401A13F85F19001B8F09 /* Release */,
			);
			defaultConfigurationIsVisible = 0;
			defaultConfigurationName = Release;
		};
/* End XCConfigurationList section */
	};
	rootObject = ECB93FEE13F85F19001B8F09 /* Project object */;
}
