// !$*UTF8*$!
{
	archiveVersion = 1;
	classes = {
	};
	objectVersion = 46;
	objects = {

/* Begin PBXBuildFile section */
		3F442A34162B9B05000322AE /* Storyboard.storyboard in Resources */ = {isa = PBXBuildFile; fileRef = 3F442A33162B9B05000322AE /* Storyboard.storyboard */; };
		3F442A47162BA4F1000322AE /* icon_114.png in Resources */ = {isa = PBXBuildFile; fileRef = 3F442A3D162BA4F1000322AE /* icon_114.png */; };
		3F442A48162BA4F1000322AE /* icon_512.png in Resources */ = {isa = PBXBuildFile; fileRef = 3F442A3E162BA4F1000322AE /* icon_512.png */; };
		3F442A49162BA4F1000322AE /* icon_57.png in Resources */ = {isa = PBXBuildFile; fileRef = 3F442A3F162BA4F1000322AE /* icon_57.png */; };
		3F442A4A162BA4F1000322AE /* launch.png in Resources */ = {isa = PBXBuildFile; fileRef = 3F442A40162BA4F1000322AE /* launch.png */; };
		3F442A4B162BA4F1000322AE /* launch_320x480.png in Resources */ = {isa = PBXBuildFile; fileRef = 3F442A41162BA4F1000322AE /* launch_320x480.png */; };
		3F442A4C162BA4F1000322AE /* launch_640x1136.png in Resources */ = {isa = PBXBuildFile; fileRef = 3F442A42162BA4F1000322AE /* launch_640x1136.png */; };
		3F442A4D162BA4F1000322AE /* launch_640x960.png in Resources */ = {isa = PBXBuildFile; fileRef = 3F442A43162BA4F1000322AE /* launch_640x960.png */; };
		3F442A4E162BA4F1000322AE /* launch_320.png in Resources */ = {isa = PBXBuildFile; fileRef = 3F442A45162BA4F1000322AE /* launch_320.png */; };
		3F442A4F162BA4F1000322AE /* launch_640.png in Resources */ = {isa = PBXBuildFile; fileRef = 3F442A46162BA4F1000322AE /* launch_640.png */; };
		3F71B058162AA9A800B62E7C /* Default-568h@2x.png in Resources */ = {isa = PBXBuildFile; fileRef = 3F71B057162AA9A800B62E7C /* Default-568h@2x.png */; };
		3FE56473162BC07400DE2CA6 /* aesthetics_of_space.jpg in Resources */ = {isa = PBXBuildFile; fileRef = 3FE5645C162BC07400DE2CA6 /* aesthetics_of_space.jpg */; };
		3FE56474162BC07400DE2CA6 /* all_grist_for_the_mill.jpg in Resources */ = {isa = PBXBuildFile; fileRef = 3FE5645D162BC07400DE2CA6 /* all_grist_for_the_mill.jpg */; };
		3FE56475162BC07400DE2CA6 /* appreciation.jpg in Resources */ = {isa = PBXBuildFile; fileRef = 3FE5645E162BC07400DE2CA6 /* appreciation.jpg */; };
		3FE56476162BC07400DE2CA6 /* appropriate_boundaries.jpg in Resources */ = {isa = PBXBuildFile; fileRef = 3FE5645F162BC07400DE2CA6 /* appropriate_boundaries.jpg */; };
		3FE56477162BC07400DE2CA6 /* balance_process_and_content.jpg in Resources */ = {isa = PBXBuildFile; fileRef = 3FE56460162BC07400DE2CA6 /* balance_process_and_content.jpg */; };
		3FE56478162BC07400DE2CA6 /* balance_structure_and_flexibility.jpg in Resources */ = {isa = PBXBuildFile; fileRef = 3FE56461162BC07400DE2CA6 /* balance_structure_and_flexibility.jpg */; };
		3FE56479162BC07400DE2CA6 /* breaking_bread_together.jpg in Resources */ = {isa = PBXBuildFile; fileRef = 3FE56462162BC07400DE2CA6 /* breaking_bread_together.jpg */; };
		3FE5647A162BC07400DE2CA6 /* celebrate.jpg in Resources */ = {isa = PBXBuildFile; fileRef = 3FE56463162BC07400DE2CA6 /* celebrate.jpg */; };
		3FE5647B162BC07400DE2CA6 /* challenge.jpg in Resources */ = {isa = PBXBuildFile; fileRef = 3FE56464162BC07400DE2CA6 /* challenge.jpg */; };
		3FE5647C162BC07400DE2CA6 /* circle.jpg in Resources */ = {isa = PBXBuildFile; fileRef = 3FE56465162BC07400DE2CA6 /* circle.jpg */; };
		3FE5647D162BC07400DE2CA6 /* closing.jpg in Resources */ = {isa = PBXBuildFile; fileRef = 3FE56466162BC07400DE2CA6 /* closing.jpg */; };
		3FE5647E162BC07400DE2CA6 /* commitment.jpg in Resources */ = {isa = PBXBuildFile; fileRef = 3FE56467162BC07400DE2CA6 /* commitment.jpg */; };
		3FE5647F162BC07400DE2CA6 /* common_ground.jpg in Resources */ = {isa = PBXBuildFile; fileRef = 3FE56468162BC07400DE2CA6 /* common_ground.jpg */; };
		3FE56480162BC07400DE2CA6 /* courageous_modelling.jpg in Resources */ = {isa = PBXBuildFile; fileRef = 3FE56469162BC07400DE2CA6 /* courageous_modelling.jpg */; };
		3FE56481162BC07400DE2CA6 /* deliberate.jpg in Resources */ = {isa = PBXBuildFile; fileRef = 3FE5646A162BC07400DE2CA6 /* deliberate.jpg */; };
		3FE56482162BC07400DE2CA6 /* discharging.jpg in Resources */ = {isa = PBXBuildFile; fileRef = 3FE5646B162BC07400DE2CA6 /* discharging.jpg */; };
		3FE56483162BC07400DE2CA6 /* distilling.jpg in Resources */ = {isa = PBXBuildFile; fileRef = 3FE5646C162BC07400DE2CA6 /* distilling.jpg */; };
		3FE56484162BC07400DE2CA6 /* dive_in.jpg in Resources */ = {isa = PBXBuildFile; fileRef = 3FE5646D162BC07400DE2CA6 /* dive_in.jpg */; };
		3FE56485162BC07400DE2CA6 /* divergence_and_convergence_rhythm.jpg in Resources */ = {isa = PBXBuildFile; fileRef = 3FE5646E162BC07400DE2CA6 /* divergence_and_convergence_rhythm.jpg */; };
		3FE56486162BC07400DE2CA6 /* dwell_with_emotions.jpg in Resources */ = {isa = PBXBuildFile; fileRef = 3FE5646F162BC07400DE2CA6 /* dwell_with_emotions.jpg */; };
		3FE56487162BC07400DE2CA6 /* embrace_dissonance_and_difference.jpg in Resources */ = {isa = PBXBuildFile; fileRef = 3FE56470162BC07400DE2CA6 /* embrace_dissonance_and_difference.jpg */; };
		3FE56488162BC07400DE2CA6 /* emergence.jpg in Resources */ = {isa = PBXBuildFile; fileRef = 3FE56471162BC07400DE2CA6 /* emergence.jpg */; };
		3FE56489162BC07400DE2CA6 /* experts_on_tap.jpg in Resources */ = {isa = PBXBuildFile; fileRef = 3FE56472162BC07400DE2CA6 /* experts_on_tap.jpg */; };
		BAA6515625D88D43787ED7B2 /* HomeController.m in Sources */ = {isa = PBXBuildFile; fileRef = BAA65C1B62B9582EFE5B2EF5 /* HomeController.m */; };
		BAA65450AA6C34B70125DCD5 /* InfoController.m in Sources */ = {isa = PBXBuildFile; fileRef = BAA6522AAC5F9B9324EA0620 /* InfoController.m */; };
		BAA6581D0E689F6469A681F7 /* AboutController.m in Sources */ = {isa = PBXBuildFile; fileRef = BAA6504F4D38661200AC531E /* AboutController.m */; };
		BAA65AE55FC7433A537C67DE /* cards.json in Resources */ = {isa = PBXBuildFile; fileRef = BAA65E6A9ACBA93158366C71 /* cards.json */; };
		EC4CBC0713F86769009DBED9 /* CardListController.m in Sources */ = {isa = PBXBuildFile; fileRef = EC4CBC0513F86769009DBED9 /* CardListController.m */; };
		EC4CBC0813F86769009DBED9 /* CardListController.xib in Resources */ = {isa = PBXBuildFile; fileRef = EC4CBC0613F86769009DBED9 /* CardListController.xib */; };
		EC5097411403392F00800981 /* icon_57.png in Resources */ = {isa = PBXBuildFile; fileRef = EC5097401403392F00800981 /* icon_57.png */; };
		EC5097431403393B00800981 /* icon_114.png in Resources */ = {isa = PBXBuildFile; fileRef = EC5097421403393B00800981 /* icon_114.png */; };
		EC5097451403394400800981 /* Default.png in Resources */ = {isa = PBXBuildFile; fileRef = EC5097441403394400800981 /* Default.png */; };
		EC5097471403394C00800981 /* Default@2x.png in Resources */ = {isa = PBXBuildFile; fileRef = EC5097461403394C00800981 /* Default@2x.png */; };
		EC50974914033B9E00800981 /* iTunesArtwork in Resources */ = {isa = PBXBuildFile; fileRef = EC50974814033B9E00800981 /* iTunesArtwork */; };
		EC509750140347EA00800981 /* QuartzCore.framework in Frameworks */ = {isa = PBXBuildFile; fileRef = EC50974F140347EA00800981 /* QuartzCore.framework */; };
		EC5097541403579B00800981 /* CardDetailsController.m in Sources */ = {isa = PBXBuildFile; fileRef = EC5097521403579A00800981 /* CardDetailsController.m */; };
		EC5097551403579B00800981 /* CardDetailsController.xib in Resources */ = {isa = PBXBuildFile; fileRef = EC5097531403579A00800981 /* CardDetailsController.xib */; };
		EC509759140362A000800981 /* CardDetailController.m in Sources */ = {isa = PBXBuildFile; fileRef = EC509757140362A000800981 /* CardDetailController.m */; };
		EC50975A140362A000800981 /* CardDetailController.xib in Resources */ = {isa = PBXBuildFile; fileRef = EC509758140362A000800981 /* CardDetailController.xib */; };
		ECB93FFC13F85F19001B8F09 /* UIKit.framework in Frameworks */ = {isa = PBXBuildFile; fileRef = ECB93FFB13F85F19001B8F09 /* UIKit.framework */; };
		ECB93FFE13F85F19001B8F09 /* Foundation.framework in Frameworks */ = {isa = PBXBuildFile; fileRef = ECB93FFD13F85F19001B8F09 /* Foundation.framework */; };
		ECB9400013F85F19001B8F09 /* CoreGraphics.framework in Frameworks */ = {isa = PBXBuildFile; fileRef = ECB93FFF13F85F19001B8F09 /* CoreGraphics.framework */; };
		ECB9400613F85F19001B8F09 /* InfoPlist.strings in Resources */ = {isa = PBXBuildFile; fileRef = ECB9400413F85F19001B8F09 /* InfoPlist.strings */; };
		ECB9400913F85F19001B8F09 /* main.m in Sources */ = {isa = PBXBuildFile; fileRef = ECB9400813F85F19001B8F09 /* main.m */; };
		ECB9400C13F85F19001B8F09 /* GroupPatternsAppDelegate.m in Sources */ = {isa = PBXBuildFile; fileRef = ECB9400B13F85F19001B8F09 /* GroupPatternsAppDelegate.m */; };
		ECB9400F13F85F19001B8F09 /* MainWindow.xib in Resources */ = {isa = PBXBuildFile; fileRef = ECB9400D13F85F19001B8F09 /* MainWindow.xib */; };
		ECB9401213F85F19001B8F09 /* RootViewController.m in Sources */ = {isa = PBXBuildFile; fileRef = ECB9401113F85F19001B8F09 /* RootViewController.m */; };
		ECB9401513F85F19001B8F09 /* RootViewController.xib in Resources */ = {isa = PBXBuildFile; fileRef = ECB9401313F85F19001B8F09 /* RootViewController.xib */; };
		ECB9402513F86010001B8F09 /* CardController.m in Sources */ = {isa = PBXBuildFile; fileRef = ECB9402313F86010001B8F09 /* CardController.m */; };
		ECB9402613F86010001B8F09 /* CardController.xib in Resources */ = {isa = PBXBuildFile; fileRef = ECB9402413F86010001B8F09 /* CardController.xib */; };
		ECB9402913F86142001B8F09 /* Card.m in Sources */ = {isa = PBXBuildFile; fileRef = ECB9402813F86142001B8F09 /* Card.m */; };
		ECD639A213FA110200D26D20 /* AsyncImageView.m in Sources */ = {isa = PBXBuildFile; fileRef = ECD639A113FA110200D26D20 /* AsyncImageView.m */; };
/* End PBXBuildFile section */

/* Begin PBXFileReference section */
		3F442A33162B9B05000322AE /* Storyboard.storyboard */ = {isa = PBXFileReference; fileEncoding = 4; lastKnownFileType = file.storyboard; path = Storyboard.storyboard; sourceTree = "<group>"; };
		3F442A3D162BA4F1000322AE /* icon_114.png */ = {isa = PBXFileReference; lastKnownFileType = image.png; path = icon_114.png; sourceTree = "<group>"; };
		3F442A3E162BA4F1000322AE /* icon_512.png */ = {isa = PBXFileReference; lastKnownFileType = image.png; path = icon_512.png; sourceTree = "<group>"; };
		3F442A3F162BA4F1000322AE /* icon_57.png */ = {isa = PBXFileReference; lastKnownFileType = image.png; path = icon_57.png; sourceTree = "<group>"; };
		3F442A40162BA4F1000322AE /* launch.png */ = {isa = PBXFileReference; lastKnownFileType = image.png; path = launch.png; sourceTree = "<group>"; };
		3F442A41162BA4F1000322AE /* launch_320x480.png */ = {isa = PBXFileReference; lastKnownFileType = image.png; path = launch_320x480.png; sourceTree = "<group>"; };
		3F442A42162BA4F1000322AE /* launch_640x1136.png */ = {isa = PBXFileReference; lastKnownFileType = image.png; path = launch_640x1136.png; sourceTree = "<group>"; };
		3F442A43162BA4F1000322AE /* launch_640x960.png */ = {isa = PBXFileReference; lastKnownFileType = image.png; path = launch_640x960.png; sourceTree = "<group>"; };
		3F442A45162BA4F1000322AE /* launch_320.png */ = {isa = PBXFileReference; lastKnownFileType = image.png; path = launch_320.png; sourceTree = "<group>"; };
		3F442A46162BA4F1000322AE /* launch_640.png */ = {isa = PBXFileReference; lastKnownFileType = image.png; path = launch_640.png; sourceTree = "<group>"; };
		3F71B057162AA9A800B62E7C /* Default-568h@2x.png */ = {isa = PBXFileReference; lastKnownFileType = image.png; path = "Default-568h@2x.png"; sourceTree = "<group>"; };
		3FE5645C162BC07400DE2CA6 /* aesthetics_of_space.jpg */ = {isa = PBXFileReference; lastKnownFileType = image.jpeg; path = aesthetics_of_space.jpg; sourceTree = "<group>"; };
		3FE5645D162BC07400DE2CA6 /* all_grist_for_the_mill.jpg */ = {isa = PBXFileReference; lastKnownFileType = image.jpeg; path = all_grist_for_the_mill.jpg; sourceTree = "<group>"; };
		3FE5645E162BC07400DE2CA6 /* appreciation.jpg */ = {isa = PBXFileReference; lastKnownFileType = image.jpeg; path = appreciation.jpg; sourceTree = "<group>"; };
		3FE5645F162BC07400DE2CA6 /* appropriate_boundaries.jpg */ = {isa = PBXFileReference; lastKnownFileType = image.jpeg; path = appropriate_boundaries.jpg; sourceTree = "<group>"; };
		3FE56460162BC07400DE2CA6 /* balance_process_and_content.jpg */ = {isa = PBXFileReference; lastKnownFileType = image.jpeg; path = balance_process_and_content.jpg; sourceTree = "<group>"; };
		3FE56461162BC07400DE2CA6 /* balance_structure_and_flexibility.jpg */ = {isa = PBXFileReference; lastKnownFileType = image.jpeg; path = balance_structure_and_flexibility.jpg; sourceTree = "<group>"; };
		3FE56462162BC07400DE2CA6 /* breaking_bread_together.jpg */ = {isa = PBXFileReference; lastKnownFileType = image.jpeg; path = breaking_bread_together.jpg; sourceTree = "<group>"; };
		3FE56463162BC07400DE2CA6 /* celebrate.jpg */ = {isa = PBXFileReference; lastKnownFileType = image.jpeg; path = celebrate.jpg; sourceTree = "<group>"; };
		3FE56464162BC07400DE2CA6 /* challenge.jpg */ = {isa = PBXFileReference; lastKnownFileType = image.jpeg; path = challenge.jpg; sourceTree = "<group>"; };
		3FE56465162BC07400DE2CA6 /* circle.jpg */ = {isa = PBXFileReference; lastKnownFileType = image.jpeg; path = circle.jpg; sourceTree = "<group>"; };
		3FE56466162BC07400DE2CA6 /* closing.jpg */ = {isa = PBXFileReference; lastKnownFileType = image.jpeg; path = closing.jpg; sourceTree = "<group>"; };
		3FE56467162BC07400DE2CA6 /* commitment.jpg */ = {isa = PBXFileReference; lastKnownFileType = image.jpeg; path = commitment.jpg; sourceTree = "<group>"; };
		3FE56468162BC07400DE2CA6 /* common_ground.jpg */ = {isa = PBXFileReference; lastKnownFileType = image.jpeg; path = common_ground.jpg; sourceTree = "<group>"; };
		3FE56469162BC07400DE2CA6 /* courageous_modelling.jpg */ = {isa = PBXFileReference; lastKnownFileType = image.jpeg; path = courageous_modelling.jpg; sourceTree = "<group>"; };
		3FE5646A162BC07400DE2CA6 /* deliberate.jpg */ = {isa = PBXFileReference; lastKnownFileType = image.jpeg; path = deliberate.jpg; sourceTree = "<group>"; };
		3FE5646B162BC07400DE2CA6 /* discharging.jpg */ = {isa = PBXFileReference; lastKnownFileType = image.jpeg; path = discharging.jpg; sourceTree = "<group>"; };
		3FE5646C162BC07400DE2CA6 /* distilling.jpg */ = {isa = PBXFileReference; lastKnownFileType = image.jpeg; path = distilling.jpg; sourceTree = "<group>"; };
		3FE5646D162BC07400DE2CA6 /* dive_in.jpg */ = {isa = PBXFileReference; lastKnownFileType = image.jpeg; path = dive_in.jpg; sourceTree = "<group>"; };
		3FE5646E162BC07400DE2CA6 /* divergence_and_convergence_rhythm.jpg */ = {isa = PBXFileReference; lastKnownFileType = image.jpeg; path = divergence_and_convergence_rhythm.jpg; sourceTree = "<group>"; };
		3FE5646F162BC07400DE2CA6 /* dwell_with_emotions.jpg */ = {isa = PBXFileReference; lastKnownFileType = image.jpeg; path = dwell_with_emotions.jpg; sourceTree = "<group>"; };
		3FE56470162BC07400DE2CA6 /* embrace_dissonance_and_difference.jpg */ = {isa = PBXFileReference; lastKnownFileType = image.jpeg; path = embrace_dissonance_and_difference.jpg; sourceTree = "<group>"; };
		3FE56471162BC07400DE2CA6 /* emergence.jpg */ = {isa = PBXFileReference; lastKnownFileType = image.jpeg; path = emergence.jpg; sourceTree = "<group>"; };
		3FE56472162BC07400DE2CA6 /* experts_on_tap.jpg */ = {isa = PBXFileReference; lastKnownFileType = image.jpeg; path = experts_on_tap.jpg; sourceTree = "<group>"; };
		BAA6504F4D38661200AC531E /* AboutController.m */ = {isa = PBXFileReference; fileEncoding = 4; lastKnownFileType = sourcecode.c.objc; path = AboutController.m; sourceTree = "<group>"; };
		BAA65114549B20CC39FDE50A /* HomeController.h */ = {isa = PBXFileReference; fileEncoding = 4; lastKnownFileType = sourcecode.c.h; path = HomeController.h; sourceTree = "<group>"; };
		BAA6522AAC5F9B9324EA0620 /* InfoController.m */ = {isa = PBXFileReference; fileEncoding = 4; lastKnownFileType = sourcecode.c.objc; path = InfoController.m; sourceTree = "<group>"; };
		BAA653F8D58697CC1765A050 /* AboutController.h */ = {isa = PBXFileReference; fileEncoding = 4; lastKnownFileType = sourcecode.c.h; path = AboutController.h; sourceTree = "<group>"; };
		BAA65B45DCB7C2329E77925D /* InfoController.h */ = {isa = PBXFileReference; fileEncoding = 4; lastKnownFileType = sourcecode.c.h; path = InfoController.h; sourceTree = "<group>"; };
		BAA65C1B62B9582EFE5B2EF5 /* HomeController.m */ = {isa = PBXFileReference; fileEncoding = 4; lastKnownFileType = sourcecode.c.objc; path = HomeController.m; sourceTree = "<group>"; };
		BAA65E6A9ACBA93158366C71 /* cards.json */ = {isa = PBXFileReference; lastKnownFileType = file.json; path = cards.json; sourceTree = "<group>"; };
		EC4CBC0413F86769009DBED9 /* CardListController.h */ = {isa = PBXFileReference; fileEncoding = 4; lastKnownFileType = sourcecode.c.h; path = CardListController.h; sourceTree = "<group>"; };
		EC4CBC0513F86769009DBED9 /* CardListController.m */ = {isa = PBXFileReference; fileEncoding = 4; lastKnownFileType = sourcecode.c.objc; path = CardListController.m; sourceTree = "<group>"; };
		EC4CBC0613F86769009DBED9 /* CardListController.xib */ = {isa = PBXFileReference; fileEncoding = 4; lastKnownFileType = file.xib; path = CardListController.xib; sourceTree = "<group>"; };
		EC5097401403392F00800981 /* icon_57.png */ = {isa = PBXFileReference; lastKnownFileType = image.png; path = icon_57.png; sourceTree = "<group>"; };
		EC5097421403393B00800981 /* icon_114.png */ = {isa = PBXFileReference; lastKnownFileType = image.png; path = icon_114.png; sourceTree = "<group>"; };
		EC5097441403394400800981 /* Default.png */ = {isa = PBXFileReference; lastKnownFileType = image.png; path = Default.png; sourceTree = "<group>"; };
		EC5097461403394C00800981 /* Default@2x.png */ = {isa = PBXFileReference; lastKnownFileType = image.png; path = "Default@2x.png"; sourceTree = "<group>"; };
		EC50974814033B9E00800981 /* iTunesArtwork */ = {isa = PBXFileReference; lastKnownFileType = file; path = iTunesArtwork; sourceTree = "<group>"; };
		EC50974F140347EA00800981 /* QuartzCore.framework */ = {isa = PBXFileReference; lastKnownFileType = wrapper.framework; name = QuartzCore.framework; path = System/Library/Frameworks/QuartzCore.framework; sourceTree = SDKROOT; };
		EC5097511403579A00800981 /* CardDetailsController.h */ = {isa = PBXFileReference; fileEncoding = 4; lastKnownFileType = sourcecode.c.h; path = CardDetailsController.h; sourceTree = "<group>"; };
		EC5097521403579A00800981 /* CardDetailsController.m */ = {isa = PBXFileReference; fileEncoding = 4; lastKnownFileType = sourcecode.c.objc; path = CardDetailsController.m; sourceTree = "<group>"; };
		EC5097531403579A00800981 /* CardDetailsController.xib */ = {isa = PBXFileReference; fileEncoding = 4; lastKnownFileType = file.xib; path = CardDetailsController.xib; sourceTree = "<group>"; };
		EC509756140362A000800981 /* CardDetailController.h */ = {isa = PBXFileReference; fileEncoding = 4; lastKnownFileType = sourcecode.c.h; path = CardDetailController.h; sourceTree = "<group>"; };
		EC509757140362A000800981 /* CardDetailController.m */ = {isa = PBXFileReference; fileEncoding = 4; lastKnownFileType = sourcecode.c.objc; path = CardDetailController.m; sourceTree = "<group>"; };
		EC509758140362A000800981 /* CardDetailController.xib */ = {isa = PBXFileReference; fileEncoding = 4; lastKnownFileType = file.xib; path = CardDetailController.xib; sourceTree = "<group>"; };
		ECB93FF713F85F19001B8F09 /* GroupPatterns.app */ = {isa = PBXFileReference; explicitFileType = wrapper.application; includeInIndex = 0; path = GroupPatterns.app; sourceTree = BUILT_PRODUCTS_DIR; };
		ECB93FFB13F85F19001B8F09 /* UIKit.framework */ = {isa = PBXFileReference; lastKnownFileType = wrapper.framework; name = UIKit.framework; path = System/Library/Frameworks/UIKit.framework; sourceTree = SDKROOT; };
		ECB93FFD13F85F19001B8F09 /* Foundation.framework */ = {isa = PBXFileReference; lastKnownFileType = wrapper.framework; name = Foundation.framework; path = System/Library/Frameworks/Foundation.framework; sourceTree = SDKROOT; };
		ECB93FFF13F85F19001B8F09 /* CoreGraphics.framework */ = {isa = PBXFileReference; lastKnownFileType = wrapper.framework; name = CoreGraphics.framework; path = System/Library/Frameworks/CoreGraphics.framework; sourceTree = SDKROOT; };
		ECB9400313F85F19001B8F09 /* GroupPatterns-Info.plist */ = {isa = PBXFileReference; lastKnownFileType = text.plist.xml; path = "GroupPatterns-Info.plist"; sourceTree = "<group>"; };
		ECB9400513F85F19001B8F09 /* en */ = {isa = PBXFileReference; lastKnownFileType = text.plist.strings; name = en; path = en.lproj/InfoPlist.strings; sourceTree = "<group>"; };
		ECB9400713F85F19001B8F09 /* GroupPatterns-Prefix.pch */ = {isa = PBXFileReference; lastKnownFileType = sourcecode.c.h; path = "GroupPatterns-Prefix.pch"; sourceTree = "<group>"; };
		ECB9400813F85F19001B8F09 /* main.m */ = {isa = PBXFileReference; lastKnownFileType = sourcecode.c.objc; path = main.m; sourceTree = "<group>"; };
		ECB9400A13F85F19001B8F09 /* GroupPatternsAppDelegate.h */ = {isa = PBXFileReference; lastKnownFileType = sourcecode.c.h; path = GroupPatternsAppDelegate.h; sourceTree = "<group>"; };
		ECB9400B13F85F19001B8F09 /* GroupPatternsAppDelegate.m */ = {isa = PBXFileReference; lastKnownFileType = sourcecode.c.objc; path = GroupPatternsAppDelegate.m; sourceTree = "<group>"; };
		ECB9400E13F85F19001B8F09 /* en */ = {isa = PBXFileReference; lastKnownFileType = file.xib; name = en; path = en.lproj/MainWindow.xib; sourceTree = "<group>"; };
		ECB9401013F85F19001B8F09 /* RootViewController.h */ = {isa = PBXFileReference; lastKnownFileType = sourcecode.c.h; path = RootViewController.h; sourceTree = "<group>"; };
		ECB9401113F85F19001B8F09 /* RootViewController.m */ = {isa = PBXFileReference; lastKnownFileType = sourcecode.c.objc; path = RootViewController.m; sourceTree = "<group>"; };
		ECB9401413F85F19001B8F09 /* en */ = {isa = PBXFileReference; lastKnownFileType = file.xib; name = en; path = en.lproj/RootViewController.xib; sourceTree = "<group>"; };
		ECB9402213F86010001B8F09 /* CardController.h */ = {isa = PBXFileReference; fileEncoding = 4; lastKnownFileType = sourcecode.c.h; path = CardController.h; sourceTree = "<group>"; };
		ECB9402313F86010001B8F09 /* CardController.m */ = {isa = PBXFileReference; fileEncoding = 4; lastKnownFileType = sourcecode.c.objc; path = CardController.m; sourceTree = "<group>"; };
		ECB9402413F86010001B8F09 /* CardController.xib */ = {isa = PBXFileReference; fileEncoding = 4; lastKnownFileType = file.xib; path = CardController.xib; sourceTree = "<group>"; };
		ECB9402713F86142001B8F09 /* Card.h */ = {isa = PBXFileReference; fileEncoding = 4; lastKnownFileType = sourcecode.c.h; path = Card.h; sourceTree = "<group>"; };
		ECB9402813F86142001B8F09 /* Card.m */ = {isa = PBXFileReference; fileEncoding = 4; lastKnownFileType = sourcecode.c.objc; path = Card.m; sourceTree = "<group>"; };
		ECD639A013FA110200D26D20 /* AsyncImageView.h */ = {isa = PBXFileReference; fileEncoding = 4; lastKnownFileType = sourcecode.c.h; path = AsyncImageView.h; sourceTree = "<group>"; };
		ECD639A113FA110200D26D20 /* AsyncImageView.m */ = {isa = PBXFileReference; fileEncoding = 4; lastKnownFileType = sourcecode.c.objc; path = AsyncImageView.m; sourceTree = "<group>"; };
/* End PBXFileReference section */

/* Begin PBXFrameworksBuildPhase section */
		ECB93FF413F85F19001B8F09 /* Frameworks */ = {
			isa = PBXFrameworksBuildPhase;
			buildActionMask = 2147483647;
			files = (
				EC509750140347EA00800981 /* QuartzCore.framework in Frameworks */,
				ECB93FFC13F85F19001B8F09 /* UIKit.framework in Frameworks */,
				ECB93FFE13F85F19001B8F09 /* Foundation.framework in Frameworks */,
				ECB9400013F85F19001B8F09 /* CoreGraphics.framework in Frameworks */,
			);
			runOnlyForDeploymentPostprocessing = 0;
		};
/* End PBXFrameworksBuildPhase section */

/* Begin PBXGroup section */
		3F442A3C162BA4F1000322AE /* Images */ = {
			isa = PBXGroup;
			children = (
				3F442A3D162BA4F1000322AE /* icon_114.png */,
				3F442A3E162BA4F1000322AE /* icon_512.png */,
				3F442A3F162BA4F1000322AE /* icon_57.png */,
				3F442A40162BA4F1000322AE /* launch.png */,
				3F442A41162BA4F1000322AE /* launch_320x480.png */,
				3F442A42162BA4F1000322AE /* launch_640x1136.png */,
				3F442A43162BA4F1000322AE /* launch_640x960.png */,
				3F442A44162BA4F1000322AE /* old */,
			);
			path = Images;
			sourceTree = "<group>";
		};
		3F442A44162BA4F1000322AE /* old */ = {
			isa = PBXGroup;
			children = (
				3F442A45162BA4F1000322AE /* launch_320.png */,
				3F442A46162BA4F1000322AE /* launch_640.png */,
			);
			path = old;
			sourceTree = "<group>";
		};
		3FE5645B162BC07400DE2CA6 /* Cards */ = {
			isa = PBXGroup;
			children = (
				3FE5645C162BC07400DE2CA6 /* aesthetics_of_space.jpg */,
				3FE5645D162BC07400DE2CA6 /* all_grist_for_the_mill.jpg */,
				3FE5645E162BC07400DE2CA6 /* appreciation.jpg */,
				3FE5645F162BC07400DE2CA6 /* appropriate_boundaries.jpg */,
				3FE56460162BC07400DE2CA6 /* balance_process_and_content.jpg */,
				3FE56461162BC07400DE2CA6 /* balance_structure_and_flexibility.jpg */,
				3FE56462162BC07400DE2CA6 /* breaking_bread_together.jpg */,
				3FE56463162BC07400DE2CA6 /* celebrate.jpg */,
				3FE56464162BC07400DE2CA6 /* challenge.jpg */,
				3FE56465162BC07400DE2CA6 /* circle.jpg */,
				3FE56466162BC07400DE2CA6 /* closing.jpg */,
				3FE56467162BC07400DE2CA6 /* commitment.jpg */,
				3FE56468162BC07400DE2CA6 /* common_ground.jpg */,
				3FE56469162BC07400DE2CA6 /* courageous_modelling.jpg */,
				3FE5646A162BC07400DE2CA6 /* deliberate.jpg */,
				3FE5646B162BC07400DE2CA6 /* discharging.jpg */,
				3FE5646C162BC07400DE2CA6 /* distilling.jpg */,
				3FE5646D162BC07400DE2CA6 /* dive_in.jpg */,
				3FE5646E162BC07400DE2CA6 /* divergence_and_convergence_rhythm.jpg */,
				3FE5646F162BC07400DE2CA6 /* dwell_with_emotions.jpg */,
				3FE56470162BC07400DE2CA6 /* embrace_dissonance_and_difference.jpg */,
				3FE56471162BC07400DE2CA6 /* emergence.jpg */,
				3FE56472162BC07400DE2CA6 /* experts_on_tap.jpg */,
			);
			path = Cards;
			sourceTree = "<group>";
		};
		ECB93FEC13F85F19001B8F09 = {
			isa = PBXGroup;
			children = (
				3FE5645B162BC07400DE2CA6 /* Cards */,
				3F442A33162B9B05000322AE /* Storyboard.storyboard */,
				3F71B057162AA9A800B62E7C /* Default-568h@2x.png */,
				EC50974814033B9E00800981 /* iTunesArtwork */,
				EC5097461403394C00800981 /* Default@2x.png */,
				EC5097441403394400800981 /* Default.png */,
				EC5097421403393B00800981 /* icon_114.png */,
				EC5097401403392F00800981 /* icon_57.png */,
				ECB9400113F85F19001B8F09 /* GroupPatterns */,
				ECB93FFA13F85F19001B8F09 /* Frameworks */,
				ECB93FF813F85F19001B8F09 /* Products */,
				BAA65E6A9ACBA93158366C71 /* cards.json */,
				3F442A3C162BA4F1000322AE /* Images */,
			);
			sourceTree = "<group>";
		};
		ECB93FF813F85F19001B8F09 /* Products */ = {
			isa = PBXGroup;
			children = (
				ECB93FF713F85F19001B8F09 /* GroupPatterns.app */,
			);
			name = Products;
			sourceTree = "<group>";
		};
		ECB93FFA13F85F19001B8F09 /* Frameworks */ = {
			isa = PBXGroup;
			children = (
				EC50974F140347EA00800981 /* QuartzCore.framework */,
				ECB93FFB13F85F19001B8F09 /* UIKit.framework */,
				ECB93FFD13F85F19001B8F09 /* Foundation.framework */,
				ECB93FFF13F85F19001B8F09 /* CoreGraphics.framework */,
			);
			name = Frameworks;
			sourceTree = "<group>";
		};
		ECB9400113F85F19001B8F09 /* GroupPatterns */ = {
			isa = PBXGroup;
			children = (
				ECD6399E13FA10DE00D26D20 /* Views */,
				ECB9401C13F85F44001B8F09 /* Controllers */,
				ECB9401B13F85F39001B8F09 /* Models */,
				ECB9400A13F85F19001B8F09 /* GroupPatternsAppDelegate.h */,
				ECB9400B13F85F19001B8F09 /* GroupPatternsAppDelegate.m */,
				ECB9400D13F85F19001B8F09 /* MainWindow.xib */,
				ECB9401013F85F19001B8F09 /* RootViewController.h */,
				ECB9401113F85F19001B8F09 /* RootViewController.m */,
				ECB9401313F85F19001B8F09 /* RootViewController.xib */,
				ECB9400213F85F19001B8F09 /* Supporting Files */,
			);
			path = GroupPatterns;
			sourceTree = "<group>";
		};
		ECB9400213F85F19001B8F09 /* Supporting Files */ = {
			isa = PBXGroup;
			children = (
				ECB9400313F85F19001B8F09 /* GroupPatterns-Info.plist */,
				ECB9400413F85F19001B8F09 /* InfoPlist.strings */,
				ECB9400713F85F19001B8F09 /* GroupPatterns-Prefix.pch */,
				ECB9400813F85F19001B8F09 /* main.m */,
			);
			name = "Supporting Files";
			sourceTree = "<group>";
		};
		ECB9401B13F85F39001B8F09 /* Models */ = {
			isa = PBXGroup;
			children = (
				ECB9402713F86142001B8F09 /* Card.h */,
				ECB9402813F86142001B8F09 /* Card.m */,
			);
			path = Models;
			sourceTree = "<group>";
		};
		ECB9401C13F85F44001B8F09 /* Controllers */ = {
			isa = PBXGroup;
			children = (
				ECB9402213F86010001B8F09 /* CardController.h */,
				ECB9402313F86010001B8F09 /* CardController.m */,
				ECB9402413F86010001B8F09 /* CardController.xib */,
				EC4CBC0413F86769009DBED9 /* CardListController.h */,
				EC4CBC0513F86769009DBED9 /* CardListController.m */,
				EC4CBC0613F86769009DBED9 /* CardListController.xib */,
				EC5097511403579A00800981 /* CardDetailsController.h */,
				EC5097521403579A00800981 /* CardDetailsController.m */,
				EC5097531403579A00800981 /* CardDetailsController.xib */,
				EC509756140362A000800981 /* CardDetailController.h */,
				EC509757140362A000800981 /* CardDetailController.m */,
				EC509758140362A000800981 /* CardDetailController.xib */,
				BAA65C1B62B9582EFE5B2EF5 /* HomeController.m */,
				BAA65114549B20CC39FDE50A /* HomeController.h */,
				BAA6522AAC5F9B9324EA0620 /* InfoController.m */,
				BAA65B45DCB7C2329E77925D /* InfoController.h */,
				BAA6504F4D38661200AC531E /* AboutController.m */,
				BAA653F8D58697CC1765A050 /* AboutController.h */,
			);
			path = Controllers;
			sourceTree = "<group>";
		};
		ECD6399E13FA10DE00D26D20 /* Views */ = {
			isa = PBXGroup;
			children = (
				ECD639A013FA110200D26D20 /* AsyncImageView.h */,
				ECD639A113FA110200D26D20 /* AsyncImageView.m */,
			);
			path = Views;
			sourceTree = "<group>";
		};
/* End PBXGroup section */

/* Begin PBXNativeTarget section */
		ECB93FF613F85F19001B8F09 /* GroupPatterns */ = {
			isa = PBXNativeTarget;
			buildConfigurationList = ECB9401813F85F19001B8F09 /* Build configuration list for PBXNativeTarget "GroupPatterns" */;
			buildPhases = (
				ECB93FF313F85F19001B8F09 /* Sources */,
				ECB93FF413F85F19001B8F09 /* Frameworks */,
				ECB93FF513F85F19001B8F09 /* Resources */,
			);
			buildRules = (
			);
			dependencies = (
			);
			name = GroupPatterns;
			productName = GroupPatterns;
			productReference = ECB93FF713F85F19001B8F09 /* GroupPatterns.app */;
			productType = "com.apple.product-type.application";
		};
/* End PBXNativeTarget section */

/* Begin PBXProject section */
		ECB93FEE13F85F19001B8F09 /* Project object */ = {
			isa = PBXProject;
			attributes = {
				LastUpgradeCheck = 0450;
			};
			buildConfigurationList = ECB93FF113F85F19001B8F09 /* Build configuration list for PBXProject "GroupPatterns" */;
			compatibilityVersion = "Xcode 3.2";
			developmentRegion = English;
			hasScannedForEncodings = 0;
			knownRegions = (
				en,
			);
			mainGroup = ECB93FEC13F85F19001B8F09;
			productRefGroup = ECB93FF813F85F19001B8F09 /* Products */;
			projectDirPath = "";
			projectRoot = "";
			targets = (
				ECB93FF613F85F19001B8F09 /* GroupPatterns */,
			);
		};
/* End PBXProject section */

/* Begin PBXResourcesBuildPhase section */
		ECB93FF513F85F19001B8F09 /* Resources */ = {
			isa = PBXResourcesBuildPhase;
			buildActionMask = 2147483647;
			files = (
				ECB9400613F85F19001B8F09 /* InfoPlist.strings in Resources */,
				ECB9400F13F85F19001B8F09 /* MainWindow.xib in Resources */,
				ECB9401513F85F19001B8F09 /* RootViewController.xib in Resources */,
				ECB9402613F86010001B8F09 /* CardController.xib in Resources */,
				EC4CBC0813F86769009DBED9 /* CardListController.xib in Resources */,
				EC5097411403392F00800981 /* icon_57.png in Resources */,
				EC5097431403393B00800981 /* icon_114.png in Resources */,
				EC5097451403394400800981 /* Default.png in Resources */,
				EC5097471403394C00800981 /* Default@2x.png in Resources */,
				EC50974914033B9E00800981 /* iTunesArtwork in Resources */,
				EC5097551403579B00800981 /* CardDetailsController.xib in Resources */,
				EC50975A140362A000800981 /* CardDetailController.xib in Resources */,
				BAA65AE55FC7433A537C67DE /* cards.json in Resources */,
				3F71B058162AA9A800B62E7C /* Default-568h@2x.png in Resources */,
				3F442A34162B9B05000322AE /* Storyboard.storyboard in Resources */,
				3F442A47162BA4F1000322AE /* icon_114.png in Resources */,
				3F442A48162BA4F1000322AE /* icon_512.png in Resources */,
				3F442A49162BA4F1000322AE /* icon_57.png in Resources */,
				3F442A4A162BA4F1000322AE /* launch.png in Resources */,
				3F442A4B162BA4F1000322AE /* launch_320x480.png in Resources */,
				3F442A4C162BA4F1000322AE /* launch_640x1136.png in Resources */,
				3F442A4D162BA4F1000322AE /* launch_640x960.png in Resources */,
				3F442A4E162BA4F1000322AE /* launch_320.png in Resources */,
				3F442A4F162BA4F1000322AE /* launch_640.png in Resources */,
				3FE56473162BC07400DE2CA6 /* aesthetics_of_space.jpg in Resources */,
				3FE56474162BC07400DE2CA6 /* all_grist_for_the_mill.jpg in Resources */,
				3FE56475162BC07400DE2CA6 /* appreciation.jpg in Resources */,
				3FE56476162BC07400DE2CA6 /* appropriate_boundaries.jpg in Resources */,
				3FE56477162BC07400DE2CA6 /* balance_process_and_content.jpg in Resources */,
				3FE56478162BC07400DE2CA6 /* balance_structure_and_flexibility.jpg in Resources */,
				3FE56479162BC07400DE2CA6 /* breaking_bread_together.jpg in Resources */,
				3FE5647A162BC07400DE2CA6 /* celebrate.jpg in Resources */,
				3FE5647B162BC07400DE2CA6 /* challenge.jpg in Resources */,
				3FE5647C162BC07400DE2CA6 /* circle.jpg in Resources */,
				3FE5647D162BC07400DE2CA6 /* closing.jpg in Resources */,
				3FE5647E162BC07400DE2CA6 /* commitment.jpg in Resources */,
				3FE5647F162BC07400DE2CA6 /* common_ground.jpg in Resources */,
				3FE56480162BC07400DE2CA6 /* courageous_modelling.jpg in Resources */,
				3FE56481162BC07400DE2CA6 /* deliberate.jpg in Resources */,
				3FE56482162BC07400DE2CA6 /* discharging.jpg in Resources */,
				3FE56483162BC07400DE2CA6 /* distilling.jpg in Resources */,
				3FE56484162BC07400DE2CA6 /* dive_in.jpg in Resources */,
				3FE56485162BC07400DE2CA6 /* divergence_and_convergence_rhythm.jpg in Resources */,
				3FE56486162BC07400DE2CA6 /* dwell_with_emotions.jpg in Resources */,
				3FE56487162BC07400DE2CA6 /* embrace_dissonance_and_difference.jpg in Resources */,
				3FE56488162BC07400DE2CA6 /* emergence.jpg in Resources */,
				3FE56489162BC07400DE2CA6 /* experts_on_tap.jpg in Resources */,
			);
			runOnlyForDeploymentPostprocessing = 0;
		};
/* End PBXResourcesBuildPhase section */

/* Begin PBXSourcesBuildPhase section */
		ECB93FF313F85F19001B8F09 /* Sources */ = {
			isa = PBXSourcesBuildPhase;
			buildActionMask = 2147483647;
			files = (
				ECB9400913F85F19001B8F09 /* main.m in Sources */,
				ECB9400C13F85F19001B8F09 /* GroupPatternsAppDelegate.m in Sources */,
				ECB9401213F85F19001B8F09 /* RootViewController.m in Sources */,
				ECB9402513F86010001B8F09 /* CardController.m in Sources */,
				ECB9402913F86142001B8F09 /* Card.m in Sources */,
				EC4CBC0713F86769009DBED9 /* CardListController.m in Sources */,
				ECD639A213FA110200D26D20 /* AsyncImageView.m in Sources */,
				EC5097541403579B00800981 /* CardDetailsController.m in Sources */,
				EC509759140362A000800981 /* CardDetailController.m in Sources */,
				BAA6515625D88D43787ED7B2 /* HomeController.m in Sources */,
				BAA65450AA6C34B70125DCD5 /* InfoController.m in Sources */,
				BAA6581D0E689F6469A681F7 /* AboutController.m in Sources */,
			);
			runOnlyForDeploymentPostprocessing = 0;
		};
/* End PBXSourcesBuildPhase section */

/* Begin PBXVariantGroup section */
		ECB9400413F85F19001B8F09 /* InfoPlist.strings */ = {
			isa = PBXVariantGroup;
			children = (
				ECB9400513F85F19001B8F09 /* en */,
			);
			name = InfoPlist.strings;
			sourceTree = "<group>";
		};
		ECB9400D13F85F19001B8F09 /* MainWindow.xib */ = {
			isa = PBXVariantGroup;
			children = (
				ECB9400E13F85F19001B8F09 /* en */,
			);
			name = MainWindow.xib;
			sourceTree = "<group>";
		};
		ECB9401313F85F19001B8F09 /* RootViewController.xib */ = {
			isa = PBXVariantGroup;
			children = (
				ECB9401413F85F19001B8F09 /* en */,
			);
			name = RootViewController.xib;
			sourceTree = "<group>";
		};
/* End PBXVariantGroup section */

/* Begin XCBuildConfiguration section */
		ECB9401613F85F19001B8F09 /* Debug */ = {
			isa = XCBuildConfiguration;
			buildSettings = {
				ARCHS = "$(ARCHS_STANDARD_32_BIT)";
				"CODE_SIGN_IDENTITY[sdk=iphoneos*]" = "iPhone Distribution: Barking Minds, LLC";
				GCC_C_LANGUAGE_STANDARD = gnu99;
				GCC_OPTIMIZATION_LEVEL = 0;
				GCC_PREPROCESSOR_DEFINITIONS = DEBUG;
				GCC_SYMBOLS_PRIVATE_EXTERN = NO;
				GCC_VERSION = com.apple.compilers.llvmgcc42;
				GCC_WARN_ABOUT_RETURN_TYPE = YES;
				GCC_WARN_UNUSED_VARIABLE = YES;
				IPHONEOS_DEPLOYMENT_TARGET = 5.0;
				"PROVISIONING_PROFILE[sdk=iphoneos*]" = "2A0AD80D-E8D2-4EBF-9F16-49A339A1FDBD";
				SDKROOT = iphoneos;
			};
			name = Debug;
		};
		ECB9401713F85F19001B8F09 /* Release */ = {
			isa = XCBuildConfiguration;
			buildSettings = {
				ARCHS = "$(ARCHS_STANDARD_32_BIT)";
				"CODE_SIGN_IDENTITY[sdk=iphoneos*]" = "iPhone Distribution: Barking Minds, LLC";
				GCC_C_LANGUAGE_STANDARD = gnu99;
				GCC_VERSION = com.apple.compilers.llvmgcc42;
				GCC_WARN_ABOUT_RETURN_TYPE = YES;
				GCC_WARN_UNUSED_VARIABLE = YES;
				IPHONEOS_DEPLOYMENT_TARGET = 5.0;
				OTHER_CFLAGS = "-DNS_BLOCK_ASSERTIONS=1";
				"PROVISIONING_PROFILE[sdk=iphoneos*]" = "2A0AD80D-E8D2-4EBF-9F16-49A339A1FDBD";
				SDKROOT = iphoneos;
			};
			name = Release;
		};
		ECB9401913F85F19001B8F09 /* Debug */ = {
			isa = XCBuildConfiguration;
			buildSettings = {
				ALWAYS_SEARCH_USER_PATHS = NO;
				CLANG_ENABLE_OBJC_ARC = YES;
				"CODE_SIGN_IDENTITY[sdk=iphoneos*]" = "iPhone Developer: Jeremy Lightsmith (G4JU45C4U6)";
				COPY_PHASE_STRIP = NO;
				GCC_DYNAMIC_NO_PIC = NO;
				GCC_PRECOMPILE_PREFIX_HEADER = YES;
				GCC_PREFIX_HEADER = "GroupPatterns/GroupPatterns-Prefix.pch";
				GCC_VERSION = com.apple.compilers.llvm.clang.1_0;
				INFOPLIST_FILE = "GroupPatterns/GroupPatterns-Info.plist";
				IPHONEOS_DEPLOYMENT_TARGET = 5.0;
				PRODUCT_NAME = "$(TARGET_NAME)";
				"PROVISIONING_PROFILE[sdk=iphoneos*]" = "2EE22968-0108-4072-87B5-E2712AEC4B8A";
				WRAPPER_EXTENSION = app;
			};
			name = Debug;
		};
		ECB9401A13F85F19001B8F09 /* Release */ = {
			isa = XCBuildConfiguration;
			buildSettings = {
				ALWAYS_SEARCH_USER_PATHS = NO;
				CLANG_ENABLE_OBJC_ARC = YES;
				"CODE_SIGN_IDENTITY[sdk=iphoneos*]" = "iPhone Distribution: Barking Minds, LLC";
				COPY_PHASE_STRIP = YES;
				GCC_PRECOMPILE_PREFIX_HEADER = YES;
				GCC_PREFIX_HEADER = "GroupPatterns/GroupPatterns-Prefix.pch";
				GCC_VERSION = com.apple.compilers.llvm.clang.1_0;
				INFOPLIST_FILE = "GroupPatterns/GroupPatterns-Info.plist";
				IPHONEOS_DEPLOYMENT_TARGET = 5.0;
				PRODUCT_NAME = "$(TARGET_NAME)";
				"PROVISIONING_PROFILE[sdk=iphoneos*]" = "9C18D22D-D85B-429B-9075-41A9D74EEDD1";
				VALIDATE_PRODUCT = YES;
				WRAPPER_EXTENSION = app;
			};
			name = Release;
		};
/* End XCBuildConfiguration section */

/* Begin XCConfigurationList section */
		ECB93FF113F85F19001B8F09 /* Build configuration list for PBXProject "GroupPatterns" */ = {
			isa = XCConfigurationList;
			buildConfigurations = (
				ECB9401613F85F19001B8F09 /* Debug */,
				ECB9401713F85F19001B8F09 /* Release */,
			);
			defaultConfigurationIsVisible = 0;
			defaultConfigurationName = Release;
		};
		ECB9401813F85F19001B8F09 /* Build configuration list for PBXNativeTarget "GroupPatterns" */ = {
			isa = XCConfigurationList;
			buildConfigurations = (
				ECB9401913F85F19001B8F09 /* Debug */,
				ECB9401A13F85F19001B8F09 /* Release */,
			);
			defaultConfigurationIsVisible = 0;
			defaultConfigurationName = Release;
		};
/* End XCConfigurationList section */
	};
	rootObject = ECB93FEE13F85F19001B8F09 /* Project object */;
}
